// !$*UTF8*$!
{
	archiveVersion = 1;
	classes = {
	};
	objectVersion = 50;
	objects = {

/* Begin PBXBuildFile section */
		3031625878D43E714C5EC380 /* libPods-PlayerFMY.a in Frameworks */ = {isa = PBXBuildFile; fileRef = 2D1FA04DA3BF85A0FD73009C /* libPods-PlayerFMY.a */; };
		922C512CF459702FD4C44D6D /* libPods-PlayerFMYUITests.a in Frameworks */ = {isa = PBXBuildFile; fileRef = 4858E5EEAADF54B809E0ABDE /* libPods-PlayerFMYUITests.a */; };
		B13297EE20E609A0001E9D38 /* WeChatSight15153.mp4 in Resources */ = {isa = PBXBuildFile; fileRef = B13297EC20E609A0001E9D38 /* WeChatSight15153.mp4 */; };
		B13297EF20E609A0001E9D38 /* fat_rabbit.mov in Resources */ = {isa = PBXBuildFile; fileRef = B13297ED20E609A0001E9D38 /* fat_rabbit.mov */; };
		B145615A22F2880700AEBA77 /* M3U8Server.m in Sources */ = {isa = PBXBuildFile; fileRef = B145615922F2880700AEBA77 /* M3U8Server.m */; };
		B14562A122F2947600AEBA77 /* 26.ts in Resources */ = {isa = PBXBuildFile; fileRef = B14561E622F2947500AEBA77 /* 26.ts */; };
		B14562A222F2947600AEBA77 /* 12.ts in Resources */ = {isa = PBXBuildFile; fileRef = B14561E722F2947500AEBA77 /* 12.ts */; };
		B14562A322F2947600AEBA77 /* 16.ts in Resources */ = {isa = PBXBuildFile; fileRef = B14561E822F2947500AEBA77 /* 16.ts */; };
		B14562A422F2947600AEBA77 /* 22.ts in Resources */ = {isa = PBXBuildFile; fileRef = B14561E922F2947500AEBA77 /* 22.ts */; };
		B14562A522F2947600AEBA77 /* 32.ts in Resources */ = {isa = PBXBuildFile; fileRef = B14561EA22F2947500AEBA77 /* 32.ts */; };
		B14562A622F2947600AEBA77 /* 17.ts in Resources */ = {isa = PBXBuildFile; fileRef = B14561EB22F2947500AEBA77 /* 17.ts */; };
		B14562A722F2947600AEBA77 /* 23.ts in Resources */ = {isa = PBXBuildFile; fileRef = B14561EC22F2947500AEBA77 /* 23.ts */; };
		B14562A822F2947600AEBA77 /* 33.ts in Resources */ = {isa = PBXBuildFile; fileRef = B14561ED22F2947500AEBA77 /* 33.ts */; };
		B14562A922F2947600AEBA77 /* 27.ts in Resources */ = {isa = PBXBuildFile; fileRef = B14561EE22F2947500AEBA77 /* 27.ts */; };
		B14562AA22F2947600AEBA77 /* 13.ts in Resources */ = {isa = PBXBuildFile; fileRef = B14561EF22F2947500AEBA77 /* 13.ts */; };
		B14562AB22F2947600AEBA77 /* 18.ts in Resources */ = {isa = PBXBuildFile; fileRef = B14561F022F2947500AEBA77 /* 18.ts */; };
		B14562AC22F2947600AEBA77 /* 1.ts in Resources */ = {isa = PBXBuildFile; fileRef = B14561F122F2947500AEBA77 /* 1.ts */; };
		B14562AD22F2947600AEBA77 /* 28.ts in Resources */ = {isa = PBXBuildFile; fileRef = B14561F222F2947500AEBA77 /* 28.ts */; };
		B14562AE22F2947600AEBA77 /* 5.ts in Resources */ = {isa = PBXBuildFile; fileRef = B14561F322F2947500AEBA77 /* 5.ts */; };
		B14562AF22F2947600AEBA77 /* 29.ts in Resources */ = {isa = PBXBuildFile; fileRef = B14561F422F2947500AEBA77 /* 29.ts */; };
		B14562B022F2947600AEBA77 /* 4.ts in Resources */ = {isa = PBXBuildFile; fileRef = B14561F522F2947500AEBA77 /* 4.ts */; };
		B14562B122F2947600AEBA77 /* oriMovie.m3u8 in Resources */ = {isa = PBXBuildFile; fileRef = B14561F622F2947500AEBA77 /* oriMovie.m3u8 */; };
		B14562B222F2947600AEBA77 /* 19.ts in Resources */ = {isa = PBXBuildFile; fileRef = B14561F722F2947500AEBA77 /* 19.ts */; };
		B14562B322F2947600AEBA77 /* 0.ts in Resources */ = {isa = PBXBuildFile; fileRef = B14561F822F2947500AEBA77 /* 0.ts */; };
		B14562B422F2947600AEBA77 /* 7.ts in Resources */ = {isa = PBXBuildFile; fileRef = B14561F922F2947500AEBA77 /* 7.ts */; };
		B14562B522F2947600AEBA77 /* 3.ts in Resources */ = {isa = PBXBuildFile; fileRef = B14561FA22F2947500AEBA77 /* 3.ts */; };
		B14562B622F2947600AEBA77 /* 2.ts in Resources */ = {isa = PBXBuildFile; fileRef = B14561FB22F2947500AEBA77 /* 2.ts */; };
		B14562B722F2947600AEBA77 /* movie.m3u8 in Resources */ = {isa = PBXBuildFile; fileRef = B14561FC22F2947500AEBA77 /* movie.m3u8 */; };
		B14562B822F2947600AEBA77 /* 6.ts in Resources */ = {isa = PBXBuildFile; fileRef = B14561FD22F2947500AEBA77 /* 6.ts */; };
		B14562B922F2947600AEBA77 /* 14.ts in Resources */ = {isa = PBXBuildFile; fileRef = B14561FE22F2947500AEBA77 /* 14.ts */; };
		B14562BA22F2947600AEBA77 /* 20.ts in Resources */ = {isa = PBXBuildFile; fileRef = B14561FF22F2947500AEBA77 /* 20.ts */; };
		B14562BB22F2947600AEBA77 /* 30.ts in Resources */ = {isa = PBXBuildFile; fileRef = B145620022F2947500AEBA77 /* 30.ts */; };
		B14562BC22F2947600AEBA77 /* 24.ts in Resources */ = {isa = PBXBuildFile; fileRef = B145620122F2947500AEBA77 /* 24.ts */; };
		B14562BD22F2947600AEBA77 /* 10.ts in Resources */ = {isa = PBXBuildFile; fileRef = B145620222F2947500AEBA77 /* 10.ts */; };
		B14562BE22F2947600AEBA77 /* 34.ts in Resources */ = {isa = PBXBuildFile; fileRef = B145620322F2947500AEBA77 /* 34.ts */; };
		B14562BF22F2947600AEBA77 /* 9.ts in Resources */ = {isa = PBXBuildFile; fileRef = B145620422F2947500AEBA77 /* 9.ts */; };
		B14562C022F2947600AEBA77 /* 25.ts in Resources */ = {isa = PBXBuildFile; fileRef = B145620522F2947500AEBA77 /* 25.ts */; };
		B14562C122F2947600AEBA77 /* 11.ts in Resources */ = {isa = PBXBuildFile; fileRef = B145620622F2947500AEBA77 /* 11.ts */; };
		B14562C222F2947600AEBA77 /* 8.ts in Resources */ = {isa = PBXBuildFile; fileRef = B145620722F2947500AEBA77 /* 8.ts */; };
		B14562C322F2947600AEBA77 /* 15.ts in Resources */ = {isa = PBXBuildFile; fileRef = B145620822F2947500AEBA77 /* 15.ts */; };
		B14562C422F2947600AEBA77 /* 21.ts in Resources */ = {isa = PBXBuildFile; fileRef = B145620922F2947500AEBA77 /* 21.ts */; };
		B14562C522F2947600AEBA77 /* 31.ts in Resources */ = {isa = PBXBuildFile; fileRef = B145620A22F2947500AEBA77 /* 31.ts */; };
		B14563F222F2956B00AEBA77 /* 26.ts in Resources */ = {isa = PBXBuildFile; fileRef = B145635D22F2956B00AEBA77 /* 26.ts */; };
		B14563F322F2956B00AEBA77 /* 12.ts in Resources */ = {isa = PBXBuildFile; fileRef = B145635E22F2956B00AEBA77 /* 12.ts */; };
		B14563F422F2956B00AEBA77 /* 16.ts in Resources */ = {isa = PBXBuildFile; fileRef = B145635F22F2956B00AEBA77 /* 16.ts */; };
		B14563F522F2956B00AEBA77 /* 22.ts in Resources */ = {isa = PBXBuildFile; fileRef = B145636022F2956B00AEBA77 /* 22.ts */; };
		B14563F622F2956B00AEBA77 /* 32.ts in Resources */ = {isa = PBXBuildFile; fileRef = B145636122F2956B00AEBA77 /* 32.ts */; };
		B14563F722F2956B00AEBA77 /* 17.ts in Resources */ = {isa = PBXBuildFile; fileRef = B145636222F2956B00AEBA77 /* 17.ts */; };
		B14563F822F2956B00AEBA77 /* 23.ts in Resources */ = {isa = PBXBuildFile; fileRef = B145636322F2956B00AEBA77 /* 23.ts */; };
		B14563F922F2956B00AEBA77 /* 33.ts in Resources */ = {isa = PBXBuildFile; fileRef = B145636422F2956B00AEBA77 /* 33.ts */; };
		B14563FA22F2956B00AEBA77 /* 27.ts in Resources */ = {isa = PBXBuildFile; fileRef = B145636522F2956B00AEBA77 /* 27.ts */; };
		B14563FB22F2956B00AEBA77 /* 13.ts in Resources */ = {isa = PBXBuildFile; fileRef = B145636622F2956B00AEBA77 /* 13.ts */; };
		B14563FC22F2956B00AEBA77 /* 18.ts in Resources */ = {isa = PBXBuildFile; fileRef = B145636722F2956B00AEBA77 /* 18.ts */; };
		B14563FD22F2956B00AEBA77 /* 1.ts in Resources */ = {isa = PBXBuildFile; fileRef = B145636822F2956B00AEBA77 /* 1.ts */; };
		B14563FE22F2956B00AEBA77 /* 28.ts in Resources */ = {isa = PBXBuildFile; fileRef = B145636922F2956B00AEBA77 /* 28.ts */; };
		B14563FF22F2956B00AEBA77 /* 5.ts in Resources */ = {isa = PBXBuildFile; fileRef = B145636A22F2956B00AEBA77 /* 5.ts */; };
		B145640022F2956B00AEBA77 /* 29.ts in Resources */ = {isa = PBXBuildFile; fileRef = B145636B22F2956B00AEBA77 /* 29.ts */; };
		B145640122F2956B00AEBA77 /* 4.ts in Resources */ = {isa = PBXBuildFile; fileRef = B145636C22F2956B00AEBA77 /* 4.ts */; };
		B145640222F2956B00AEBA77 /* oriMovie.m3u8 in Resources */ = {isa = PBXBuildFile; fileRef = B145636D22F2956B00AEBA77 /* oriMovie.m3u8 */; };
		B145640322F2956B00AEBA77 /* 19.ts in Resources */ = {isa = PBXBuildFile; fileRef = B145636E22F2956B00AEBA77 /* 19.ts */; };
		B145640422F2956B00AEBA77 /* 0.ts in Resources */ = {isa = PBXBuildFile; fileRef = B145636F22F2956B00AEBA77 /* 0.ts */; };
		B145640522F2956B00AEBA77 /* 7.ts in Resources */ = {isa = PBXBuildFile; fileRef = B145637022F2956B00AEBA77 /* 7.ts */; };
		B145640622F2956B00AEBA77 /* 3.ts in Resources */ = {isa = PBXBuildFile; fileRef = B145637122F2956B00AEBA77 /* 3.ts */; };
		B145640722F2956B00AEBA77 /* 2.ts in Resources */ = {isa = PBXBuildFile; fileRef = B145637222F2956B00AEBA77 /* 2.ts */; };
		B145640822F2956B00AEBA77 /* movie.m3u8 in Resources */ = {isa = PBXBuildFile; fileRef = B145637322F2956B00AEBA77 /* movie.m3u8 */; };
		B145640922F2956B00AEBA77 /* 6.ts in Resources */ = {isa = PBXBuildFile; fileRef = B145637422F2956B00AEBA77 /* 6.ts */; };
		B145640A22F2956B00AEBA77 /* 14.ts in Resources */ = {isa = PBXBuildFile; fileRef = B145637522F2956B00AEBA77 /* 14.ts */; };
		B145640B22F2956B00AEBA77 /* 20.ts in Resources */ = {isa = PBXBuildFile; fileRef = B145637622F2956B00AEBA77 /* 20.ts */; };
		B145640C22F2956B00AEBA77 /* 30.ts in Resources */ = {isa = PBXBuildFile; fileRef = B145637722F2956B00AEBA77 /* 30.ts */; };
		B145640D22F2956B00AEBA77 /* 24.ts in Resources */ = {isa = PBXBuildFile; fileRef = B145637822F2956B00AEBA77 /* 24.ts */; };
		B145640E22F2956B00AEBA77 /* 10.ts in Resources */ = {isa = PBXBuildFile; fileRef = B145637922F2956B00AEBA77 /* 10.ts */; };
		B145640F22F2956B00AEBA77 /* 34.ts in Resources */ = {isa = PBXBuildFile; fileRef = B145637A22F2956B00AEBA77 /* 34.ts */; };
		B145641022F2956B00AEBA77 /* 9.ts in Resources */ = {isa = PBXBuildFile; fileRef = B145637B22F2956B00AEBA77 /* 9.ts */; };
		B145641122F2956B00AEBA77 /* 25.ts in Resources */ = {isa = PBXBuildFile; fileRef = B145637C22F2956B00AEBA77 /* 25.ts */; };
		B145641222F2956B00AEBA77 /* 11.ts in Resources */ = {isa = PBXBuildFile; fileRef = B145637D22F2956B00AEBA77 /* 11.ts */; };
		B145641322F2956B00AEBA77 /* 8.ts in Resources */ = {isa = PBXBuildFile; fileRef = B145637E22F2956B00AEBA77 /* 8.ts */; };
		B145641422F2956B00AEBA77 /* 15.ts in Resources */ = {isa = PBXBuildFile; fileRef = B145637F22F2956B00AEBA77 /* 15.ts */; };
		B145641522F2956B00AEBA77 /* 21.ts in Resources */ = {isa = PBXBuildFile; fileRef = B145638022F2956B00AEBA77 /* 21.ts */; };
		B145641622F2956B00AEBA77 /* 31.ts in Resources */ = {isa = PBXBuildFile; fileRef = B145638122F2956B00AEBA77 /* 31.ts */; };
		B145650922F2C95C00AEBA77 /* NSString+m3u8.m in Sources */ = {isa = PBXBuildFile; fileRef = B145650822F2C95B00AEBA77 /* NSString+m3u8.m */; };
		B145650E22F2C98000AEBA77 /* ZBLM3u8Setting.m in Sources */ = {isa = PBXBuildFile; fileRef = B145650B22F2C97F00AEBA77 /* ZBLM3u8Setting.m */; };
		B145650F22F2C98000AEBA77 /* ZBLM3u8Manager.m in Sources */ = {isa = PBXBuildFile; fileRef = B145650D22F2C98000AEBA77 /* ZBLM3u8Manager.m */; };
		B145651222F2CA7800AEBA77 /* ZBLM3u8FileManager.m in Sources */ = {isa = PBXBuildFile; fileRef = B145651122F2CA7800AEBA77 /* ZBLM3u8FileManager.m */; };
		B197BBC022F1AF500039FD5D /* AVPlayerM3UViewController.m in Sources */ = {isa = PBXBuildFile; fileRef = B197BBBF22F1AF500039FD5D /* AVPlayerM3UViewController.m */; };
		B1FFE18120E2506600F1700B /* AppDelegate.m in Sources */ = {isa = PBXBuildFile; fileRef = B1FFE18020E2506600F1700B /* AppDelegate.m */; };
		B1FFE18720E2506600F1700B /* Main.storyboard in Resources */ = {isa = PBXBuildFile; fileRef = B1FFE18520E2506600F1700B /* Main.storyboard */; };
		B1FFE18920E2506700F1700B /* Assets.xcassets in Resources */ = {isa = PBXBuildFile; fileRef = B1FFE18820E2506700F1700B /* Assets.xcassets */; };
		B1FFE18C20E2506700F1700B /* LaunchScreen.storyboard in Resources */ = {isa = PBXBuildFile; fileRef = B1FFE18A20E2506700F1700B /* LaunchScreen.storyboard */; };
		B1FFE18F20E2506700F1700B /* main.m in Sources */ = {isa = PBXBuildFile; fileRef = B1FFE18E20E2506700F1700B /* main.m */; };
		B1FFE19920E2506700F1700B /* PlayerFMYTests.m in Sources */ = {isa = PBXBuildFile; fileRef = B1FFE19820E2506700F1700B /* PlayerFMYTests.m */; };
		B1FFE1A420E2506700F1700B /* PlayerFMYUITests.m in Sources */ = {isa = PBXBuildFile; fileRef = B1FFE1A320E2506700F1700B /* PlayerFMYUITests.m */; };
		B1FFE1B320E2522200F1700B /* BaseViewController.m in Sources */ = {isa = PBXBuildFile; fileRef = B1FFE1B220E2522200F1700B /* BaseViewController.m */; };
		B1FFE1B620E2524D00F1700B /* MPMediaPlayerScaleViewController.m in Sources */ = {isa = PBXBuildFile; fileRef = B1FFE1B520E2524D00F1700B /* MPMediaPlayerScaleViewController.m */; };
		B1FFE1B920E2525E00F1700B /* AVPlayerScaleViewController.m in Sources */ = {isa = PBXBuildFile; fileRef = B1FFE1B820E2525E00F1700B /* AVPlayerScaleViewController.m */; };
		B1FFE1C120E370EF00F1700B /* AVPlayerLayerScaleViewController.m in Sources */ = {isa = PBXBuildFile; fileRef = B1FFE1C020E370EF00F1700B /* AVPlayerLayerScaleViewController.m */; };
		C82187AB7D3D1E80DB0D31D9 /* libPods-PlayerFMYTests.a in Frameworks */ = {isa = PBXBuildFile; fileRef = 867319EAA2E3158047DE69B9 /* libPods-PlayerFMYTests.a */; };
/* End PBXBuildFile section */

/* Begin PBXContainerItemProxy section */
		B1FFE19520E2506700F1700B /* PBXContainerItemProxy */ = {
			isa = PBXContainerItemProxy;
			containerPortal = B1FFE17420E2506600F1700B /* Project object */;
			proxyType = 1;
			remoteGlobalIDString = B1FFE17B20E2506600F1700B;
			remoteInfo = PlayerFMY;
		};
		B1FFE1A020E2506700F1700B /* PBXContainerItemProxy */ = {
			isa = PBXContainerItemProxy;
			containerPortal = B1FFE17420E2506600F1700B /* Project object */;
			proxyType = 1;
			remoteGlobalIDString = B1FFE17B20E2506600F1700B;
			remoteInfo = PlayerFMY;
		};
/* End PBXContainerItemProxy section */

/* Begin PBXFileReference section */
		08E0D2146D4D1B6D24023060 /* Pods-PlayerFMY.release.xcconfig */ = {isa = PBXFileReference; includeInIndex = 1; lastKnownFileType = text.xcconfig; name = "Pods-PlayerFMY.release.xcconfig"; path = "Pods/Target Support Files/Pods-PlayerFMY/Pods-PlayerFMY.release.xcconfig"; sourceTree = "<group>"; };
		2D1FA04DA3BF85A0FD73009C /* libPods-PlayerFMY.a */ = {isa = PBXFileReference; explicitFileType = archive.ar; includeInIndex = 0; path = "libPods-PlayerFMY.a"; sourceTree = BUILT_PRODUCTS_DIR; };
		4858E5EEAADF54B809E0ABDE /* libPods-PlayerFMYUITests.a */ = {isa = PBXFileReference; explicitFileType = archive.ar; includeInIndex = 0; path = "libPods-PlayerFMYUITests.a"; sourceTree = BUILT_PRODUCTS_DIR; };
		489D9BE19F6ED749702280B8 /* Pods-PlayerFMYUITests.release.xcconfig */ = {isa = PBXFileReference; includeInIndex = 1; lastKnownFileType = text.xcconfig; name = "Pods-PlayerFMYUITests.release.xcconfig"; path = "Pods/Target Support Files/Pods-PlayerFMYUITests/Pods-PlayerFMYUITests.release.xcconfig"; sourceTree = "<group>"; };
		51DBE9766FA4CB5C0D69A88C /* Pods-PlayerFMYTests.debug.xcconfig */ = {isa = PBXFileReference; includeInIndex = 1; lastKnownFileType = text.xcconfig; name = "Pods-PlayerFMYTests.debug.xcconfig"; path = "Pods/Target Support Files/Pods-PlayerFMYTests/Pods-PlayerFMYTests.debug.xcconfig"; sourceTree = "<group>"; };
		7139F4CB8535A9A3940AA454 /* Pods-PlayerFMY.debug.xcconfig */ = {isa = PBXFileReference; includeInIndex = 1; lastKnownFileType = text.xcconfig; name = "Pods-PlayerFMY.debug.xcconfig"; path = "Pods/Target Support Files/Pods-PlayerFMY/Pods-PlayerFMY.debug.xcconfig"; sourceTree = "<group>"; };
		854F77393B95E0018BCE205A /* Pods-PlayerFMYUITests.debug.xcconfig */ = {isa = PBXFileReference; includeInIndex = 1; lastKnownFileType = text.xcconfig; name = "Pods-PlayerFMYUITests.debug.xcconfig"; path = "Pods/Target Support Files/Pods-PlayerFMYUITests/Pods-PlayerFMYUITests.debug.xcconfig"; sourceTree = "<group>"; };
		867319EAA2E3158047DE69B9 /* libPods-PlayerFMYTests.a */ = {isa = PBXFileReference; explicitFileType = archive.ar; includeInIndex = 0; path = "libPods-PlayerFMYTests.a"; sourceTree = BUILT_PRODUCTS_DIR; };
		AE5DC0BD51460E135D25A5F1 /* Pods-PlayerFMYTests.release.xcconfig */ = {isa = PBXFileReference; includeInIndex = 1; lastKnownFileType = text.xcconfig; name = "Pods-PlayerFMYTests.release.xcconfig"; path = "Pods/Target Support Files/Pods-PlayerFMYTests/Pods-PlayerFMYTests.release.xcconfig"; sourceTree = "<group>"; };
		B13297EC20E609A0001E9D38 /* WeChatSight15153.mp4 */ = {isa = PBXFileReference; lastKnownFileType = file; path = WeChatSight15153.mp4; sourceTree = "<group>"; };
		B13297ED20E609A0001E9D38 /* fat_rabbit.mov */ = {isa = PBXFileReference; lastKnownFileType = video.quicktime; path = fat_rabbit.mov; sourceTree = "<group>"; };
		B145615822F2880700AEBA77 /* M3U8Server.h */ = {isa = PBXFileReference; lastKnownFileType = sourcecode.c.h; path = M3U8Server.h; sourceTree = "<group>"; };
		B145615922F2880700AEBA77 /* M3U8Server.m */ = {isa = PBXFileReference; lastKnownFileType = sourcecode.c.objc; path = M3U8Server.m; sourceTree = "<group>"; };
		B14561E622F2947500AEBA77 /* 26.ts */ = {isa = PBXFileReference; lastKnownFileType = file; path = 26.ts; sourceTree = "<group>"; };
		B14561E722F2947500AEBA77 /* 12.ts */ = {isa = PBXFileReference; lastKnownFileType = file; path = 12.ts; sourceTree = "<group>"; };
		B14561E822F2947500AEBA77 /* 16.ts */ = {isa = PBXFileReference; lastKnownFileType = file; path = 16.ts; sourceTree = "<group>"; };
		B14561E922F2947500AEBA77 /* 22.ts */ = {isa = PBXFileReference; lastKnownFileType = file; path = 22.ts; sourceTree = "<group>"; };
		B14561EA22F2947500AEBA77 /* 32.ts */ = {isa = PBXFileReference; lastKnownFileType = file; path = 32.ts; sourceTree = "<group>"; };
		B14561EB22F2947500AEBA77 /* 17.ts */ = {isa = PBXFileReference; lastKnownFileType = file; path = 17.ts; sourceTree = "<group>"; };
		B14561EC22F2947500AEBA77 /* 23.ts */ = {isa = PBXFileReference; lastKnownFileType = file; path = 23.ts; sourceTree = "<group>"; };
		B14561ED22F2947500AEBA77 /* 33.ts */ = {isa = PBXFileReference; lastKnownFileType = file; path = 33.ts; sourceTree = "<group>"; };
		B14561EE22F2947500AEBA77 /* 27.ts */ = {isa = PBXFileReference; lastKnownFileType = file; path = 27.ts; sourceTree = "<group>"; };
		B14561EF22F2947500AEBA77 /* 13.ts */ = {isa = PBXFileReference; lastKnownFileType = file; path = 13.ts; sourceTree = "<group>"; };
		B14561F022F2947500AEBA77 /* 18.ts */ = {isa = PBXFileReference; lastKnownFileType = file; path = 18.ts; sourceTree = "<group>"; };
		B14561F122F2947500AEBA77 /* 1.ts */ = {isa = PBXFileReference; lastKnownFileType = file; path = 1.ts; sourceTree = "<group>"; };
		B14561F222F2947500AEBA77 /* 28.ts */ = {isa = PBXFileReference; lastKnownFileType = file; path = 28.ts; sourceTree = "<group>"; };
		B14561F322F2947500AEBA77 /* 5.ts */ = {isa = PBXFileReference; lastKnownFileType = file; path = 5.ts; sourceTree = "<group>"; };
		B14561F422F2947500AEBA77 /* 29.ts */ = {isa = PBXFileReference; lastKnownFileType = file; path = 29.ts; sourceTree = "<group>"; };
		B14561F522F2947500AEBA77 /* 4.ts */ = {isa = PBXFileReference; lastKnownFileType = file; path = 4.ts; sourceTree = "<group>"; };
		B14561F622F2947500AEBA77 /* oriMovie.m3u8 */ = {isa = PBXFileReference; fileEncoding = 4; lastKnownFileType = text; path = oriMovie.m3u8; sourceTree = "<group>"; };
		B14561F722F2947500AEBA77 /* 19.ts */ = {isa = PBXFileReference; lastKnownFileType = file; path = 19.ts; sourceTree = "<group>"; };
		B14561F822F2947500AEBA77 /* 0.ts */ = {isa = PBXFileReference; lastKnownFileType = file; path = 0.ts; sourceTree = "<group>"; };
		B14561F922F2947500AEBA77 /* 7.ts */ = {isa = PBXFileReference; lastKnownFileType = file; path = 7.ts; sourceTree = "<group>"; };
		B14561FA22F2947500AEBA77 /* 3.ts */ = {isa = PBXFileReference; lastKnownFileType = file; path = 3.ts; sourceTree = "<group>"; };
		B14561FB22F2947500AEBA77 /* 2.ts */ = {isa = PBXFileReference; lastKnownFileType = file; path = 2.ts; sourceTree = "<group>"; };
		B14561FC22F2947500AEBA77 /* movie.m3u8 */ = {isa = PBXFileReference; fileEncoding = 4; lastKnownFileType = text; path = movie.m3u8; sourceTree = "<group>"; };
		B14561FD22F2947500AEBA77 /* 6.ts */ = {isa = PBXFileReference; lastKnownFileType = file; path = 6.ts; sourceTree = "<group>"; };
		B14561FE22F2947500AEBA77 /* 14.ts */ = {isa = PBXFileReference; lastKnownFileType = file; path = 14.ts; sourceTree = "<group>"; };
		B14561FF22F2947500AEBA77 /* 20.ts */ = {isa = PBXFileReference; lastKnownFileType = file; path = 20.ts; sourceTree = "<group>"; };
		B145620022F2947500AEBA77 /* 30.ts */ = {isa = PBXFileReference; lastKnownFileType = file; path = 30.ts; sourceTree = "<group>"; };
		B145620122F2947500AEBA77 /* 24.ts */ = {isa = PBXFileReference; lastKnownFileType = file; path = 24.ts; sourceTree = "<group>"; };
		B145620222F2947500AEBA77 /* 10.ts */ = {isa = PBXFileReference; lastKnownFileType = file; path = 10.ts; sourceTree = "<group>"; };
		B145620322F2947500AEBA77 /* 34.ts */ = {isa = PBXFileReference; lastKnownFileType = file; path = 34.ts; sourceTree = "<group>"; };
		B145620422F2947500AEBA77 /* 9.ts */ = {isa = PBXFileReference; lastKnownFileType = file; path = 9.ts; sourceTree = "<group>"; };
		B145620522F2947500AEBA77 /* 25.ts */ = {isa = PBXFileReference; lastKnownFileType = file; path = 25.ts; sourceTree = "<group>"; };
		B145620622F2947500AEBA77 /* 11.ts */ = {isa = PBXFileReference; lastKnownFileType = file; path = 11.ts; sourceTree = "<group>"; };
		B145620722F2947500AEBA77 /* 8.ts */ = {isa = PBXFileReference; lastKnownFileType = file; path = 8.ts; sourceTree = "<group>"; };
		B145620822F2947500AEBA77 /* 15.ts */ = {isa = PBXFileReference; lastKnownFileType = file; path = 15.ts; sourceTree = "<group>"; };
		B145620922F2947500AEBA77 /* 21.ts */ = {isa = PBXFileReference; lastKnownFileType = file; path = 21.ts; sourceTree = "<group>"; };
		B145620A22F2947500AEBA77 /* 31.ts */ = {isa = PBXFileReference; lastKnownFileType = file; path = 31.ts; sourceTree = "<group>"; };
		B145635D22F2956B00AEBA77 /* 26.ts */ = {isa = PBXFileReference; lastKnownFileType = file; path = 26.ts; sourceTree = "<group>"; };
		B145635E22F2956B00AEBA77 /* 12.ts */ = {isa = PBXFileReference; lastKnownFileType = file; path = 12.ts; sourceTree = "<group>"; };
		B145635F22F2956B00AEBA77 /* 16.ts */ = {isa = PBXFileReference; lastKnownFileType = file; path = 16.ts; sourceTree = "<group>"; };
		B145636022F2956B00AEBA77 /* 22.ts */ = {isa = PBXFileReference; lastKnownFileType = file; path = 22.ts; sourceTree = "<group>"; };
		B145636122F2956B00AEBA77 /* 32.ts */ = {isa = PBXFileReference; lastKnownFileType = file; path = 32.ts; sourceTree = "<group>"; };
		B145636222F2956B00AEBA77 /* 17.ts */ = {isa = PBXFileReference; lastKnownFileType = file; path = 17.ts; sourceTree = "<group>"; };
		B145636322F2956B00AEBA77 /* 23.ts */ = {isa = PBXFileReference; lastKnownFileType = file; path = 23.ts; sourceTree = "<group>"; };
		B145636422F2956B00AEBA77 /* 33.ts */ = {isa = PBXFileReference; lastKnownFileType = file; path = 33.ts; sourceTree = "<group>"; };
		B145636522F2956B00AEBA77 /* 27.ts */ = {isa = PBXFileReference; lastKnownFileType = file; path = 27.ts; sourceTree = "<group>"; };
		B145636622F2956B00AEBA77 /* 13.ts */ = {isa = PBXFileReference; lastKnownFileType = file; path = 13.ts; sourceTree = "<group>"; };
		B145636722F2956B00AEBA77 /* 18.ts */ = {isa = PBXFileReference; lastKnownFileType = file; path = 18.ts; sourceTree = "<group>"; };
		B145636822F2956B00AEBA77 /* 1.ts */ = {isa = PBXFileReference; lastKnownFileType = file; path = 1.ts; sourceTree = "<group>"; };
		B145636922F2956B00AEBA77 /* 28.ts */ = {isa = PBXFileReference; lastKnownFileType = file; path = 28.ts; sourceTree = "<group>"; };
		B145636A22F2956B00AEBA77 /* 5.ts */ = {isa = PBXFileReference; lastKnownFileType = file; path = 5.ts; sourceTree = "<group>"; };
		B145636B22F2956B00AEBA77 /* 29.ts */ = {isa = PBXFileReference; lastKnownFileType = file; path = 29.ts; sourceTree = "<group>"; };
		B145636C22F2956B00AEBA77 /* 4.ts */ = {isa = PBXFileReference; lastKnownFileType = file; path = 4.ts; sourceTree = "<group>"; };
		B145636D22F2956B00AEBA77 /* oriMovie.m3u8 */ = {isa = PBXFileReference; fileEncoding = 4; lastKnownFileType = text; path = oriMovie.m3u8; sourceTree = "<group>"; };
		B145636E22F2956B00AEBA77 /* 19.ts */ = {isa = PBXFileReference; lastKnownFileType = file; path = 19.ts; sourceTree = "<group>"; };
		B145636F22F2956B00AEBA77 /* 0.ts */ = {isa = PBXFileReference; lastKnownFileType = file; path = 0.ts; sourceTree = "<group>"; };
		B145637022F2956B00AEBA77 /* 7.ts */ = {isa = PBXFileReference; lastKnownFileType = file; path = 7.ts; sourceTree = "<group>"; };
		B145637122F2956B00AEBA77 /* 3.ts */ = {isa = PBXFileReference; lastKnownFileType = file; path = 3.ts; sourceTree = "<group>"; };
		B145637222F2956B00AEBA77 /* 2.ts */ = {isa = PBXFileReference; lastKnownFileType = file; path = 2.ts; sourceTree = "<group>"; };
		B145637322F2956B00AEBA77 /* movie.m3u8 */ = {isa = PBXFileReference; fileEncoding = 4; lastKnownFileType = text; path = movie.m3u8; sourceTree = "<group>"; };
		B145637422F2956B00AEBA77 /* 6.ts */ = {isa = PBXFileReference; lastKnownFileType = file; path = 6.ts; sourceTree = "<group>"; };
		B145637522F2956B00AEBA77 /* 14.ts */ = {isa = PBXFileReference; lastKnownFileType = file; path = 14.ts; sourceTree = "<group>"; };
		B145637622F2956B00AEBA77 /* 20.ts */ = {isa = PBXFileReference; lastKnownFileType = file; path = 20.ts; sourceTree = "<group>"; };
		B145637722F2956B00AEBA77 /* 30.ts */ = {isa = PBXFileReference; lastKnownFileType = file; path = 30.ts; sourceTree = "<group>"; };
		B145637822F2956B00AEBA77 /* 24.ts */ = {isa = PBXFileReference; lastKnownFileType = file; path = 24.ts; sourceTree = "<group>"; };
		B145637922F2956B00AEBA77 /* 10.ts */ = {isa = PBXFileReference; lastKnownFileType = file; path = 10.ts; sourceTree = "<group>"; };
		B145637A22F2956B00AEBA77 /* 34.ts */ = {isa = PBXFileReference; lastKnownFileType = file; path = 34.ts; sourceTree = "<group>"; };
		B145637B22F2956B00AEBA77 /* 9.ts */ = {isa = PBXFileReference; lastKnownFileType = file; path = 9.ts; sourceTree = "<group>"; };
		B145637C22F2956B00AEBA77 /* 25.ts */ = {isa = PBXFileReference; lastKnownFileType = file; path = 25.ts; sourceTree = "<group>"; };
		B145637D22F2956B00AEBA77 /* 11.ts */ = {isa = PBXFileReference; lastKnownFileType = file; path = 11.ts; sourceTree = "<group>"; };
		B145637E22F2956B00AEBA77 /* 8.ts */ = {isa = PBXFileReference; lastKnownFileType = file; path = 8.ts; sourceTree = "<group>"; };
		B145637F22F2956B00AEBA77 /* 15.ts */ = {isa = PBXFileReference; lastKnownFileType = file; path = 15.ts; sourceTree = "<group>"; };
		B145638022F2956B00AEBA77 /* 21.ts */ = {isa = PBXFileReference; lastKnownFileType = file; path = 21.ts; sourceTree = "<group>"; };
		B145638122F2956B00AEBA77 /* 31.ts */ = {isa = PBXFileReference; lastKnownFileType = file; path = 31.ts; sourceTree = "<group>"; };
		B145650722F2C95B00AEBA77 /* NSString+m3u8.h */ = {isa = PBXFileReference; fileEncoding = 4; lastKnownFileType = sourcecode.c.h; path = "NSString+m3u8.h"; sourceTree = "<group>"; };
		B145650822F2C95B00AEBA77 /* NSString+m3u8.m */ = {isa = PBXFileReference; fileEncoding = 4; lastKnownFileType = sourcecode.c.objc; path = "NSString+m3u8.m"; sourceTree = "<group>"; };
		B145650A22F2C97F00AEBA77 /* ZBLM3u8Manager.h */ = {isa = PBXFileReference; fileEncoding = 4; lastKnownFileType = sourcecode.c.h; path = ZBLM3u8Manager.h; sourceTree = "<group>"; };
		B145650B22F2C97F00AEBA77 /* ZBLM3u8Setting.m */ = {isa = PBXFileReference; fileEncoding = 4; lastKnownFileType = sourcecode.c.objc; path = ZBLM3u8Setting.m; sourceTree = "<group>"; };
		B145650C22F2C98000AEBA77 /* ZBLM3u8Setting.h */ = {isa = PBXFileReference; fileEncoding = 4; lastKnownFileType = sourcecode.c.h; path = ZBLM3u8Setting.h; sourceTree = "<group>"; };
		B145650D22F2C98000AEBA77 /* ZBLM3u8Manager.m */ = {isa = PBXFileReference; fileEncoding = 4; lastKnownFileType = sourcecode.c.objc; path = ZBLM3u8Manager.m; sourceTree = "<group>"; };
		B145651022F2CA7800AEBA77 /* ZBLM3u8FileManager.h */ = {isa = PBXFileReference; fileEncoding = 4; lastKnownFileType = sourcecode.c.h; path = ZBLM3u8FileManager.h; sourceTree = "<group>"; };
		B145651122F2CA7800AEBA77 /* ZBLM3u8FileManager.m */ = {isa = PBXFileReference; fileEncoding = 4; lastKnownFileType = sourcecode.c.objc; path = ZBLM3u8FileManager.m; sourceTree = "<group>"; };
		B197BBBE22F1AF500039FD5D /* AVPlayerM3UViewController.h */ = {isa = PBXFileReference; lastKnownFileType = sourcecode.c.h; path = AVPlayerM3UViewController.h; sourceTree = "<group>"; };
		B197BBBF22F1AF500039FD5D /* AVPlayerM3UViewController.m */ = {isa = PBXFileReference; lastKnownFileType = sourcecode.c.objc; path = AVPlayerM3UViewController.m; sourceTree = "<group>"; };
		B1FFE17C20E2506600F1700B /* PlayerFMY.app */ = {isa = PBXFileReference; explicitFileType = wrapper.application; includeInIndex = 0; path = PlayerFMY.app; sourceTree = BUILT_PRODUCTS_DIR; };
		B1FFE17F20E2506600F1700B /* AppDelegate.h */ = {isa = PBXFileReference; lastKnownFileType = sourcecode.c.h; path = AppDelegate.h; sourceTree = "<group>"; };
		B1FFE18020E2506600F1700B /* AppDelegate.m */ = {isa = PBXFileReference; lastKnownFileType = sourcecode.c.objc; path = AppDelegate.m; sourceTree = "<group>"; };
		B1FFE18620E2506600F1700B /* Base */ = {isa = PBXFileReference; lastKnownFileType = file.storyboard; name = Base; path = Base.lproj/Main.storyboard; sourceTree = "<group>"; };
		B1FFE18820E2506700F1700B /* Assets.xcassets */ = {isa = PBXFileReference; lastKnownFileType = folder.assetcatalog; path = Assets.xcassets; sourceTree = "<group>"; };
		B1FFE18B20E2506700F1700B /* Base */ = {isa = PBXFileReference; lastKnownFileType = file.storyboard; name = Base; path = Base.lproj/LaunchScreen.storyboard; sourceTree = "<group>"; };
		B1FFE18D20E2506700F1700B /* Info.plist */ = {isa = PBXFileReference; lastKnownFileType = text.plist.xml; path = Info.plist; sourceTree = "<group>"; };
		B1FFE18E20E2506700F1700B /* main.m */ = {isa = PBXFileReference; lastKnownFileType = sourcecode.c.objc; path = main.m; sourceTree = "<group>"; };
		B1FFE19420E2506700F1700B /* PlayerFMYTests.xctest */ = {isa = PBXFileReference; explicitFileType = wrapper.cfbundle; includeInIndex = 0; path = PlayerFMYTests.xctest; sourceTree = BUILT_PRODUCTS_DIR; };
		B1FFE19820E2506700F1700B /* PlayerFMYTests.m */ = {isa = PBXFileReference; lastKnownFileType = sourcecode.c.objc; path = PlayerFMYTests.m; sourceTree = "<group>"; };
		B1FFE19A20E2506700F1700B /* Info.plist */ = {isa = PBXFileReference; lastKnownFileType = text.plist.xml; path = Info.plist; sourceTree = "<group>"; };
		B1FFE19F20E2506700F1700B /* PlayerFMYUITests.xctest */ = {isa = PBXFileReference; explicitFileType = wrapper.cfbundle; includeInIndex = 0; path = PlayerFMYUITests.xctest; sourceTree = BUILT_PRODUCTS_DIR; };
		B1FFE1A320E2506700F1700B /* PlayerFMYUITests.m */ = {isa = PBXFileReference; lastKnownFileType = sourcecode.c.objc; path = PlayerFMYUITests.m; sourceTree = "<group>"; };
		B1FFE1A520E2506700F1700B /* Info.plist */ = {isa = PBXFileReference; lastKnownFileType = text.plist.xml; path = Info.plist; sourceTree = "<group>"; };
		B1FFE1B120E2522200F1700B /* BaseViewController.h */ = {isa = PBXFileReference; lastKnownFileType = sourcecode.c.h; path = BaseViewController.h; sourceTree = "<group>"; };
		B1FFE1B220E2522200F1700B /* BaseViewController.m */ = {isa = PBXFileReference; lastKnownFileType = sourcecode.c.objc; path = BaseViewController.m; sourceTree = "<group>"; };
		B1FFE1B420E2524D00F1700B /* MPMediaPlayerScaleViewController.h */ = {isa = PBXFileReference; lastKnownFileType = sourcecode.c.h; path = MPMediaPlayerScaleViewController.h; sourceTree = "<group>"; };
		B1FFE1B520E2524D00F1700B /* MPMediaPlayerScaleViewController.m */ = {isa = PBXFileReference; lastKnownFileType = sourcecode.c.objc; path = MPMediaPlayerScaleViewController.m; sourceTree = "<group>"; };
		B1FFE1B720E2525E00F1700B /* AVPlayerScaleViewController.h */ = {isa = PBXFileReference; lastKnownFileType = sourcecode.c.h; path = AVPlayerScaleViewController.h; sourceTree = "<group>"; };
		B1FFE1B820E2525E00F1700B /* AVPlayerScaleViewController.m */ = {isa = PBXFileReference; lastKnownFileType = sourcecode.c.objc; path = AVPlayerScaleViewController.m; sourceTree = "<group>"; };
		B1FFE1BE20E3668800F1700B /* VideoSourceUrls.h */ = {isa = PBXFileReference; lastKnownFileType = sourcecode.c.h; path = VideoSourceUrls.h; sourceTree = "<group>"; };
		B1FFE1BF20E370EF00F1700B /* AVPlayerLayerScaleViewController.h */ = {isa = PBXFileReference; lastKnownFileType = sourcecode.c.h; path = AVPlayerLayerScaleViewController.h; sourceTree = "<group>"; };
		B1FFE1C020E370EF00F1700B /* AVPlayerLayerScaleViewController.m */ = {isa = PBXFileReference; lastKnownFileType = sourcecode.c.objc; path = AVPlayerLayerScaleViewController.m; sourceTree = "<group>"; };
/* End PBXFileReference section */

/* Begin PBXFrameworksBuildPhase section */
		B1FFE17920E2506600F1700B /* Frameworks */ = {
			isa = PBXFrameworksBuildPhase;
			buildActionMask = 2147483647;
			files = (
				3031625878D43E714C5EC380 /* libPods-PlayerFMY.a in Frameworks */,
			);
			runOnlyForDeploymentPostprocessing = 0;
		};
		B1FFE19120E2506700F1700B /* Frameworks */ = {
			isa = PBXFrameworksBuildPhase;
			buildActionMask = 2147483647;
			files = (
				C82187AB7D3D1E80DB0D31D9 /* libPods-PlayerFMYTests.a in Frameworks */,
			);
			runOnlyForDeploymentPostprocessing = 0;
		};
		B1FFE19C20E2506700F1700B /* Frameworks */ = {
			isa = PBXFrameworksBuildPhase;
			buildActionMask = 2147483647;
			files = (
				922C512CF459702FD4C44D6D /* libPods-PlayerFMYUITests.a in Frameworks */,
			);
			runOnlyForDeploymentPostprocessing = 0;
		};
/* End PBXFrameworksBuildPhase section */

/* Begin PBXGroup section */
		64AA16217E4A0AAD90F39A38 /* Frameworks */ = {
			isa = PBXGroup;
			children = (
				2D1FA04DA3BF85A0FD73009C /* libPods-PlayerFMY.a */,
				867319EAA2E3158047DE69B9 /* libPods-PlayerFMYTests.a */,
				4858E5EEAADF54B809E0ABDE /* libPods-PlayerFMYUITests.a */,
			);
			name = Frameworks;
			sourceTree = "<group>";
		};
		75E4DDAFEBED12563442B18E /* Pods */ = {
			isa = PBXGroup;
			children = (
				7139F4CB8535A9A3940AA454 /* Pods-PlayerFMY.debug.xcconfig */,
				08E0D2146D4D1B6D24023060 /* Pods-PlayerFMY.release.xcconfig */,
				51DBE9766FA4CB5C0D69A88C /* Pods-PlayerFMYTests.debug.xcconfig */,
				AE5DC0BD51460E135D25A5F1 /* Pods-PlayerFMYTests.release.xcconfig */,
				854F77393B95E0018BCE205A /* Pods-PlayerFMYUITests.debug.xcconfig */,
				489D9BE19F6ED749702280B8 /* Pods-PlayerFMYUITests.release.xcconfig */,
			);
			name = Pods;
			sourceTree = "<group>";
		};
		B145619822F2947500AEBA77 /* m3u8files */ = {
			isa = PBXGroup;
			children = (
				B145635C22F2956B00AEBA77 /* 58b20e07c35ab638a3a19c397e498e51 */,
				B14561E522F2947500AEBA77 /* m3u8andtslist */,
			);
			path = m3u8files;
			sourceTree = "<group>";
		};
		B14561E522F2947500AEBA77 /* m3u8andtslist */ = {
			isa = PBXGroup;
			children = (
				B14561E622F2947500AEBA77 /* 26.ts */,
				B14561E722F2947500AEBA77 /* 12.ts */,
				B14561E822F2947500AEBA77 /* 16.ts */,
				B14561E922F2947500AEBA77 /* 22.ts */,
				B14561EA22F2947500AEBA77 /* 32.ts */,
				B14561EB22F2947500AEBA77 /* 17.ts */,
				B14561EC22F2947500AEBA77 /* 23.ts */,
				B14561ED22F2947500AEBA77 /* 33.ts */,
				B14561EE22F2947500AEBA77 /* 27.ts */,
				B14561EF22F2947500AEBA77 /* 13.ts */,
				B14561F022F2947500AEBA77 /* 18.ts */,
				B14561F122F2947500AEBA77 /* 1.ts */,
				B14561F222F2947500AEBA77 /* 28.ts */,
				B14561F322F2947500AEBA77 /* 5.ts */,
				B14561F422F2947500AEBA77 /* 29.ts */,
				B14561F522F2947500AEBA77 /* 4.ts */,
				B14561F622F2947500AEBA77 /* oriMovie.m3u8 */,
				B14561F722F2947500AEBA77 /* 19.ts */,
				B14561F822F2947500AEBA77 /* 0.ts */,
				B14561F922F2947500AEBA77 /* 7.ts */,
				B14561FA22F2947500AEBA77 /* 3.ts */,
				B14561FB22F2947500AEBA77 /* 2.ts */,
				B14561FC22F2947500AEBA77 /* movie.m3u8 */,
				B14561FD22F2947500AEBA77 /* 6.ts */,
				B14561FE22F2947500AEBA77 /* 14.ts */,
				B14561FF22F2947500AEBA77 /* 20.ts */,
				B145620022F2947500AEBA77 /* 30.ts */,
				B145620122F2947500AEBA77 /* 24.ts */,
				B145620222F2947500AEBA77 /* 10.ts */,
				B145620322F2947500AEBA77 /* 34.ts */,
				B145620422F2947500AEBA77 /* 9.ts */,
				B145620522F2947500AEBA77 /* 25.ts */,
				B145620622F2947500AEBA77 /* 11.ts */,
				B145620722F2947500AEBA77 /* 8.ts */,
				B145620822F2947500AEBA77 /* 15.ts */,
				B145620922F2947500AEBA77 /* 21.ts */,
				B145620A22F2947500AEBA77 /* 31.ts */,
			);
			path = m3u8andtslist;
			sourceTree = "<group>";
		};
		B145635C22F2956B00AEBA77 /* 58b20e07c35ab638a3a19c397e498e51 */ = {
			isa = PBXGroup;
			children = (
				B145635D22F2956B00AEBA77 /* 26.ts */,
				B145635E22F2956B00AEBA77 /* 12.ts */,
				B145635F22F2956B00AEBA77 /* 16.ts */,
				B145636022F2956B00AEBA77 /* 22.ts */,
				B145636122F2956B00AEBA77 /* 32.ts */,
				B145636222F2956B00AEBA77 /* 17.ts */,
				B145636322F2956B00AEBA77 /* 23.ts */,
				B145636422F2956B00AEBA77 /* 33.ts */,
				B145636522F2956B00AEBA77 /* 27.ts */,
				B145636622F2956B00AEBA77 /* 13.ts */,
				B145636722F2956B00AEBA77 /* 18.ts */,
				B145636822F2956B00AEBA77 /* 1.ts */,
				B145636922F2956B00AEBA77 /* 28.ts */,
				B145636A22F2956B00AEBA77 /* 5.ts */,
				B145636B22F2956B00AEBA77 /* 29.ts */,
				B145636C22F2956B00AEBA77 /* 4.ts */,
				B145636D22F2956B00AEBA77 /* oriMovie.m3u8 */,
				B145636E22F2956B00AEBA77 /* 19.ts */,
				B145636F22F2956B00AEBA77 /* 0.ts */,
				B145637022F2956B00AEBA77 /* 7.ts */,
				B145637122F2956B00AEBA77 /* 3.ts */,
				B145637222F2956B00AEBA77 /* 2.ts */,
				B145637322F2956B00AEBA77 /* movie.m3u8 */,
				B145637422F2956B00AEBA77 /* 6.ts */,
				B145637522F2956B00AEBA77 /* 14.ts */,
				B145637622F2956B00AEBA77 /* 20.ts */,
				B145637722F2956B00AEBA77 /* 30.ts */,
				B145637822F2956B00AEBA77 /* 24.ts */,
				B145637922F2956B00AEBA77 /* 10.ts */,
				B145637A22F2956B00AEBA77 /* 34.ts */,
				B145637B22F2956B00AEBA77 /* 9.ts */,
				B145637C22F2956B00AEBA77 /* 25.ts */,
				B145637D22F2956B00AEBA77 /* 11.ts */,
				B145637E22F2956B00AEBA77 /* 8.ts */,
				B145637F22F2956B00AEBA77 /* 15.ts */,
				B145638022F2956B00AEBA77 /* 21.ts */,
				B145638122F2956B00AEBA77 /* 31.ts */,
			);
			path = 58b20e07c35ab638a3a19c397e498e51;
			sourceTree = "<group>";
		};
		B145643C22F2C8C900AEBA77 /* Vendors */ = {
			isa = PBXGroup;
			children = (
				B145643D22F2C8E300AEBA77 /* ZBLM3u8Config */,
			);
			path = Vendors;
			sourceTree = "<group>";
		};
		B145643D22F2C8E300AEBA77 /* ZBLM3u8Config */ = {
			isa = PBXGroup;
			children = (
				B145650A22F2C97F00AEBA77 /* ZBLM3u8Manager.h */,
				B145650D22F2C98000AEBA77 /* ZBLM3u8Manager.m */,
				B145650C22F2C98000AEBA77 /* ZBLM3u8Setting.h */,
				B145650B22F2C97F00AEBA77 /* ZBLM3u8Setting.m */,
				B145651022F2CA7800AEBA77 /* ZBLM3u8FileManager.h */,
				B145651122F2CA7800AEBA77 /* ZBLM3u8FileManager.m */,
			);
			path = ZBLM3u8Config;
			sourceTree = "<group>";
		};
		B145650622F2C94A00AEBA77 /* category */ = {
			isa = PBXGroup;
			children = (
				B145650722F2C95B00AEBA77 /* NSString+m3u8.h */,
				B145650822F2C95B00AEBA77 /* NSString+m3u8.m */,
			);
			path = category;
			sourceTree = "<group>";
		};
		B1FFE17320E2506600F1700B = {
			isa = PBXGroup;
			children = (
				B1FFE17E20E2506600F1700B /* PlayerFMY */,
				B1FFE19720E2506700F1700B /* PlayerFMYTests */,
				B1FFE1A220E2506700F1700B /* PlayerFMYUITests */,
				B1FFE17D20E2506600F1700B /* Products */,
				75E4DDAFEBED12563442B18E /* Pods */,
				64AA16217E4A0AAD90F39A38 /* Frameworks */,
			);
			sourceTree = "<group>";
		};
		B1FFE17D20E2506600F1700B /* Products */ = {
			isa = PBXGroup;
			children = (
				B1FFE17C20E2506600F1700B /* PlayerFMY.app */,
				B1FFE19420E2506700F1700B /* PlayerFMYTests.xctest */,
				B1FFE19F20E2506700F1700B /* PlayerFMYUITests.xctest */,
			);
			name = Products;
			sourceTree = "<group>";
		};
		B1FFE17E20E2506600F1700B /* PlayerFMY */ = {
			isa = PBXGroup;
			children = (
				B145650622F2C94A00AEBA77 /* category */,
				B145643C22F2C8C900AEBA77 /* Vendors */,
				B1FFE1BA20E3341100F1700B /* videos */,
				B1FFE17F20E2506600F1700B /* AppDelegate.h */,
				B1FFE18020E2506600F1700B /* AppDelegate.m */,
				B1FFE1B120E2522200F1700B /* BaseViewController.h */,
				B1FFE1B220E2522200F1700B /* BaseViewController.m */,
				B1FFE1B420E2524D00F1700B /* MPMediaPlayerScaleViewController.h */,
				B1FFE1B520E2524D00F1700B /* MPMediaPlayerScaleViewController.m */,
				B1FFE1B720E2525E00F1700B /* AVPlayerScaleViewController.h */,
				B1FFE1B820E2525E00F1700B /* AVPlayerScaleViewController.m */,
				B1FFE1BF20E370EF00F1700B /* AVPlayerLayerScaleViewController.h */,
				B1FFE1C020E370EF00F1700B /* AVPlayerLayerScaleViewController.m */,
				B197BBBE22F1AF500039FD5D /* AVPlayerM3UViewController.h */,
				B197BBBF22F1AF500039FD5D /* AVPlayerM3UViewController.m */,
				B145615822F2880700AEBA77 /* M3U8Server.h */,
				B145615922F2880700AEBA77 /* M3U8Server.m */,
				B1FFE18520E2506600F1700B /* Main.storyboard */,
				B1FFE18820E2506700F1700B /* Assets.xcassets */,
				B1FFE18A20E2506700F1700B /* LaunchScreen.storyboard */,
				B1FFE18D20E2506700F1700B /* Info.plist */,
				B1FFE18E20E2506700F1700B /* main.m */,
			);
			path = PlayerFMY;
			sourceTree = "<group>";
		};
		B1FFE19720E2506700F1700B /* PlayerFMYTests */ = {
			isa = PBXGroup;
			children = (
				B1FFE19820E2506700F1700B /* PlayerFMYTests.m */,
				B1FFE19A20E2506700F1700B /* Info.plist */,
			);
			path = PlayerFMYTests;
			sourceTree = "<group>";
		};
		B1FFE1A220E2506700F1700B /* PlayerFMYUITests */ = {
			isa = PBXGroup;
			children = (
				B1FFE1A320E2506700F1700B /* PlayerFMYUITests.m */,
				B1FFE1A520E2506700F1700B /* Info.plist */,
			);
			path = PlayerFMYUITests;
			sourceTree = "<group>";
		};
		B1FFE1BA20E3341100F1700B /* videos */ = {
			isa = PBXGroup;
			children = (
				B145619822F2947500AEBA77 /* m3u8files */,
				B13297ED20E609A0001E9D38 /* fat_rabbit.mov */,
				B13297EC20E609A0001E9D38 /* WeChatSight15153.mp4 */,
				B1FFE1BE20E3668800F1700B /* VideoSourceUrls.h */,
			);
			path = videos;
			sourceTree = "<group>";
		};
/* End PBXGroup section */

/* Begin PBXNativeTarget section */
		B1FFE17B20E2506600F1700B /* PlayerFMY */ = {
			isa = PBXNativeTarget;
			buildConfigurationList = B1FFE1A820E2506700F1700B /* Build configuration list for PBXNativeTarget "PlayerFMY" */;
			buildPhases = (
				DEFE9B6336285156C36594C7 /* [CP] Check Pods Manifest.lock */,
				B1FFE17820E2506600F1700B /* Sources */,
				B1FFE17920E2506600F1700B /* Frameworks */,
				B1FFE17A20E2506600F1700B /* Resources */,
			);
			buildRules = (
			);
			dependencies = (
			);
			name = PlayerFMY;
			productName = PlayerFMY;
			productReference = B1FFE17C20E2506600F1700B /* PlayerFMY.app */;
			productType = "com.apple.product-type.application";
		};
		B1FFE19320E2506700F1700B /* PlayerFMYTests */ = {
			isa = PBXNativeTarget;
			buildConfigurationList = B1FFE1AB20E2506700F1700B /* Build configuration list for PBXNativeTarget "PlayerFMYTests" */;
			buildPhases = (
				90CCF81B9E66EE32475EEDE9 /* [CP] Check Pods Manifest.lock */,
				B1FFE19020E2506700F1700B /* Sources */,
				B1FFE19120E2506700F1700B /* Frameworks */,
				B1FFE19220E2506700F1700B /* Resources */,
			);
			buildRules = (
			);
			dependencies = (
				B1FFE19620E2506700F1700B /* PBXTargetDependency */,
			);
			name = PlayerFMYTests;
			productName = PlayerFMYTests;
			productReference = B1FFE19420E2506700F1700B /* PlayerFMYTests.xctest */;
			productType = "com.apple.product-type.bundle.unit-test";
		};
		B1FFE19E20E2506700F1700B /* PlayerFMYUITests */ = {
			isa = PBXNativeTarget;
			buildConfigurationList = B1FFE1AE20E2506700F1700B /* Build configuration list for PBXNativeTarget "PlayerFMYUITests" */;
			buildPhases = (
				5D5B4EEAF3BD3CB1B5CD8071 /* [CP] Check Pods Manifest.lock */,
				B1FFE19B20E2506700F1700B /* Sources */,
				B1FFE19C20E2506700F1700B /* Frameworks */,
				B1FFE19D20E2506700F1700B /* Resources */,
			);
			buildRules = (
			);
			dependencies = (
				B1FFE1A120E2506700F1700B /* PBXTargetDependency */,
			);
			name = PlayerFMYUITests;
			productName = PlayerFMYUITests;
			productReference = B1FFE19F20E2506700F1700B /* PlayerFMYUITests.xctest */;
			productType = "com.apple.product-type.bundle.ui-testing";
		};
/* End PBXNativeTarget section */

/* Begin PBXProject section */
		B1FFE17420E2506600F1700B /* Project object */ = {
			isa = PBXProject;
			attributes = {
				LastUpgradeCheck = 0940;
				ORGANIZATIONNAME = lxw;
				TargetAttributes = {
					B1FFE17B20E2506600F1700B = {
						CreatedOnToolsVersion = 9.4;
					};
					B1FFE19320E2506700F1700B = {
						CreatedOnToolsVersion = 9.4;
						TestTargetID = B1FFE17B20E2506600F1700B;
					};
					B1FFE19E20E2506700F1700B = {
						CreatedOnToolsVersion = 9.4;
						TestTargetID = B1FFE17B20E2506600F1700B;
					};
				};
			};
			buildConfigurationList = B1FFE17720E2506600F1700B /* Build configuration list for PBXProject "PlayerFMY" */;
			compatibilityVersion = "Xcode 9.3";
			developmentRegion = en;
			hasScannedForEncodings = 0;
			knownRegions = (
				en,
				Base,
			);
			mainGroup = B1FFE17320E2506600F1700B;
			productRefGroup = B1FFE17D20E2506600F1700B /* Products */;
			projectDirPath = "";
			projectRoot = "";
			targets = (
				B1FFE17B20E2506600F1700B /* PlayerFMY */,
				B1FFE19320E2506700F1700B /* PlayerFMYTests */,
				B1FFE19E20E2506700F1700B /* PlayerFMYUITests */,
			);
		};
/* End PBXProject section */

/* Begin PBXResourcesBuildPhase section */
		B1FFE17A20E2506600F1700B /* Resources */ = {
			isa = PBXResourcesBuildPhase;
			buildActionMask = 2147483647;
			files = (
				B145640522F2956B00AEBA77 /* 7.ts in Resources */,
				B14563FF22F2956B00AEBA77 /* 5.ts in Resources */,
				B145641522F2956B00AEBA77 /* 21.ts in Resources */,
				B14562B422F2947600AEBA77 /* 7.ts in Resources */,
				B14562C422F2947600AEBA77 /* 21.ts in Resources */,
				B14562AF22F2947600AEBA77 /* 29.ts in Resources */,
				B14562BE22F2947600AEBA77 /* 34.ts in Resources */,
				B14562A922F2947600AEBA77 /* 27.ts in Resources */,
				B145640822F2956B00AEBA77 /* movie.m3u8 in Resources */,
				B14563FE22F2956B00AEBA77 /* 28.ts in Resources */,
				B14563F222F2956B00AEBA77 /* 26.ts in Resources */,
				B14563F822F2956B00AEBA77 /* 23.ts in Resources */,
				B14562A222F2947600AEBA77 /* 12.ts in Resources */,
				B14562AC22F2947600AEBA77 /* 1.ts in Resources */,
				B14562B622F2947600AEBA77 /* 2.ts in Resources */,
				B145640622F2956B00AEBA77 /* 3.ts in Resources */,
				B14562BA22F2947600AEBA77 /* 20.ts in Resources */,
				B14562BB22F2947600AEBA77 /* 30.ts in Resources */,
				B14562A822F2947600AEBA77 /* 33.ts in Resources */,
				B145640122F2956B00AEBA77 /* 4.ts in Resources */,
				B14562C322F2947600AEBA77 /* 15.ts in Resources */,
				B145640B22F2956B00AEBA77 /* 20.ts in Resources */,
				B14562B222F2947600AEBA77 /* 19.ts in Resources */,
				B14562C522F2947600AEBA77 /* 31.ts in Resources */,
				B145640222F2956B00AEBA77 /* oriMovie.m3u8 in Resources */,
				B145640E22F2956B00AEBA77 /* 10.ts in Resources */,
				B145641322F2956B00AEBA77 /* 8.ts in Resources */,
				B145641422F2956B00AEBA77 /* 15.ts in Resources */,
				B14562A122F2947600AEBA77 /* 26.ts in Resources */,
				B145640722F2956B00AEBA77 /* 2.ts in Resources */,
				B145641622F2956B00AEBA77 /* 31.ts in Resources */,
				B145641222F2956B00AEBA77 /* 11.ts in Resources */,
				B14563FC22F2956B00AEBA77 /* 18.ts in Resources */,
				B14562AB22F2947600AEBA77 /* 18.ts in Resources */,
				B14562AA22F2947600AEBA77 /* 13.ts in Resources */,
				B14562BD22F2947600AEBA77 /* 10.ts in Resources */,
				B145641022F2956B00AEBA77 /* 9.ts in Resources */,
				B14562B522F2947600AEBA77 /* 3.ts in Resources */,
				B14562BF22F2947600AEBA77 /* 9.ts in Resources */,
				B145640922F2956B00AEBA77 /* 6.ts in Resources */,
				B13297EF20E609A0001E9D38 /* fat_rabbit.mov in Resources */,
				B1FFE18C20E2506700F1700B /* LaunchScreen.storyboard in Resources */,
				B14563F922F2956B00AEBA77 /* 33.ts in Resources */,
				B14562A622F2947600AEBA77 /* 17.ts in Resources */,
				B14562A522F2947600AEBA77 /* 32.ts in Resources */,
				B14563FA22F2956B00AEBA77 /* 27.ts in Resources */,
				B14562A322F2947600AEBA77 /* 16.ts in Resources */,
				B14562A422F2947600AEBA77 /* 22.ts in Resources */,
				B145640022F2956B00AEBA77 /* 29.ts in Resources */,
				B145640F22F2956B00AEBA77 /* 34.ts in Resources */,
				B14562B822F2947600AEBA77 /* 6.ts in Resources */,
				B14563F622F2956B00AEBA77 /* 32.ts in Resources */,
				B14563F522F2956B00AEBA77 /* 22.ts in Resources */,
				B145640D22F2956B00AEBA77 /* 24.ts in Resources */,
				B14562AE22F2947600AEBA77 /* 5.ts in Resources */,
				B14562A722F2947600AEBA77 /* 23.ts in Resources */,
				B13297EE20E609A0001E9D38 /* WeChatSight15153.mp4 in Resources */,
				B14562AD22F2947600AEBA77 /* 28.ts in Resources */,
				B14562B922F2947600AEBA77 /* 14.ts in Resources */,
				B145641122F2956B00AEBA77 /* 25.ts in Resources */,
				B14563F322F2956B00AEBA77 /* 12.ts in Resources */,
				B14563FB22F2956B00AEBA77 /* 13.ts in Resources */,
				B145640A22F2956B00AEBA77 /* 14.ts in Resources */,
				B145640C22F2956B00AEBA77 /* 30.ts in Resources */,
				B14562B022F2947600AEBA77 /* 4.ts in Resources */,
				B1FFE18920E2506700F1700B /* Assets.xcassets in Resources */,
				B14562BC22F2947600AEBA77 /* 24.ts in Resources */,
				B14563FD22F2956B00AEBA77 /* 1.ts in Resources */,
				B14562C122F2947600AEBA77 /* 11.ts in Resources */,
				B14562B122F2947600AEBA77 /* oriMovie.m3u8 in Resources */,
				B14562C222F2947600AEBA77 /* 8.ts in Resources */,
				B14563F722F2956B00AEBA77 /* 17.ts in Resources */,
				B145640422F2956B00AEBA77 /* 0.ts in Resources */,
				B145640322F2956B00AEBA77 /* 19.ts in Resources */,
				B14563F422F2956B00AEBA77 /* 16.ts in Resources */,
				B14562B322F2947600AEBA77 /* 0.ts in Resources */,
				B14562B722F2947600AEBA77 /* movie.m3u8 in Resources */,
				B14562C022F2947600AEBA77 /* 25.ts in Resources */,
				B1FFE18720E2506600F1700B /* Main.storyboard in Resources */,
			);
			runOnlyForDeploymentPostprocessing = 0;
		};
		B1FFE19220E2506700F1700B /* Resources */ = {
			isa = PBXResourcesBuildPhase;
			buildActionMask = 2147483647;
			files = (
			);
			runOnlyForDeploymentPostprocessing = 0;
		};
		B1FFE19D20E2506700F1700B /* Resources */ = {
			isa = PBXResourcesBuildPhase;
			buildActionMask = 2147483647;
			files = (
			);
			runOnlyForDeploymentPostprocessing = 0;
		};
/* End PBXResourcesBuildPhase section */

/* Begin PBXShellScriptBuildPhase section */
		5D5B4EEAF3BD3CB1B5CD8071 /* [CP] Check Pods Manifest.lock */ = {
			isa = PBXShellScriptBuildPhase;
			buildActionMask = 2147483647;
			files = (
			);
			inputPaths = (
				"${PODS_PODFILE_DIR_PATH}/Podfile.lock",
				"${PODS_ROOT}/Manifest.lock",
			);
			name = "[CP] Check Pods Manifest.lock";
			outputPaths = (
				"$(DERIVED_FILE_DIR)/Pods-PlayerFMYUITests-checkManifestLockResult.txt",
			);
			runOnlyForDeploymentPostprocessing = 0;
			shellPath = /bin/sh;
			shellScript = "diff \"${PODS_PODFILE_DIR_PATH}/Podfile.lock\" \"${PODS_ROOT}/Manifest.lock\" > /dev/null\nif [ $? != 0 ] ; then\n    # print error to STDERR\n    echo \"error: The sandbox is not in sync with the Podfile.lock. Run 'pod install' or update your CocoaPods installation.\" >&2\n    exit 1\nfi\n# This output is used by Xcode 'outputs' to avoid re-running this script phase.\necho \"SUCCESS\" > \"${SCRIPT_OUTPUT_FILE_0}\"\n";
			showEnvVarsInLog = 0;
		};
		90CCF81B9E66EE32475EEDE9 /* [CP] Check Pods Manifest.lock */ = {
			isa = PBXShellScriptBuildPhase;
			buildActionMask = 2147483647;
			files = (
			);
			inputPaths = (
				"${PODS_PODFILE_DIR_PATH}/Podfile.lock",
				"${PODS_ROOT}/Manifest.lock",
			);
			name = "[CP] Check Pods Manifest.lock";
			outputPaths = (
				"$(DERIVED_FILE_DIR)/Pods-PlayerFMYTests-checkManifestLockResult.txt",
			);
			runOnlyForDeploymentPostprocessing = 0;
			shellPath = /bin/sh;
			shellScript = "diff \"${PODS_PODFILE_DIR_PATH}/Podfile.lock\" \"${PODS_ROOT}/Manifest.lock\" > /dev/null\nif [ $? != 0 ] ; then\n    # print error to STDERR\n    echo \"error: The sandbox is not in sync with the Podfile.lock. Run 'pod install' or update your CocoaPods installation.\" >&2\n    exit 1\nfi\n# This output is used by Xcode 'outputs' to avoid re-running this script phase.\necho \"SUCCESS\" > \"${SCRIPT_OUTPUT_FILE_0}\"\n";
			showEnvVarsInLog = 0;
		};
		DEFE9B6336285156C36594C7 /* [CP] Check Pods Manifest.lock */ = {
			isa = PBXShellScriptBuildPhase;
			buildActionMask = 2147483647;
			files = (
			);
			inputPaths = (
				"${PODS_PODFILE_DIR_PATH}/Podfile.lock",
				"${PODS_ROOT}/Manifest.lock",
			);
			name = "[CP] Check Pods Manifest.lock";
			outputPaths = (
				"$(DERIVED_FILE_DIR)/Pods-PlayerFMY-checkManifestLockResult.txt",
			);
			runOnlyForDeploymentPostprocessing = 0;
			shellPath = /bin/sh;
			shellScript = "diff \"${PODS_PODFILE_DIR_PATH}/Podfile.lock\" \"${PODS_ROOT}/Manifest.lock\" > /dev/null\nif [ $? != 0 ] ; then\n    # print error to STDERR\n    echo \"error: The sandbox is not in sync with the Podfile.lock. Run 'pod install' or update your CocoaPods installation.\" >&2\n    exit 1\nfi\n# This output is used by Xcode 'outputs' to avoid re-running this script phase.\necho \"SUCCESS\" > \"${SCRIPT_OUTPUT_FILE_0}\"\n";
			showEnvVarsInLog = 0;
		};
/* End PBXShellScriptBuildPhase section */

/* Begin PBXSourcesBuildPhase section */
		B1FFE17820E2506600F1700B /* Sources */ = {
			isa = PBXSourcesBuildPhase;
			buildActionMask = 2147483647;
			files = (
				B1FFE18F20E2506700F1700B /* main.m in Sources */,
				B1FFE1B320E2522200F1700B /* BaseViewController.m in Sources */,
				B1FFE1B920E2525E00F1700B /* AVPlayerScaleViewController.m in Sources */,
				B145615A22F2880700AEBA77 /* M3U8Server.m in Sources */,
				B145650922F2C95C00AEBA77 /* NSString+m3u8.m in Sources */,
				B1FFE1B620E2524D00F1700B /* MPMediaPlayerScaleViewController.m in Sources */,
				B145650E22F2C98000AEBA77 /* ZBLM3u8Setting.m in Sources */,
				B145651222F2CA7800AEBA77 /* ZBLM3u8FileManager.m in Sources */,
				B145650F22F2C98000AEBA77 /* ZBLM3u8Manager.m in Sources */,
				B197BBC022F1AF500039FD5D /* AVPlayerM3UViewController.m in Sources */,
				B1FFE18120E2506600F1700B /* AppDelegate.m in Sources */,
				B1FFE1C120E370EF00F1700B /* AVPlayerLayerScaleViewController.m in Sources */,
			);
			runOnlyForDeploymentPostprocessing = 0;
		};
		B1FFE19020E2506700F1700B /* Sources */ = {
			isa = PBXSourcesBuildPhase;
			buildActionMask = 2147483647;
			files = (
				B1FFE19920E2506700F1700B /* PlayerFMYTests.m in Sources */,
			);
			runOnlyForDeploymentPostprocessing = 0;
		};
		B1FFE19B20E2506700F1700B /* Sources */ = {
			isa = PBXSourcesBuildPhase;
			buildActionMask = 2147483647;
			files = (
				B1FFE1A420E2506700F1700B /* PlayerFMYUITests.m in Sources */,
			);
			runOnlyForDeploymentPostprocessing = 0;
		};
/* End PBXSourcesBuildPhase section */

/* Begin PBXTargetDependency section */
		B1FFE19620E2506700F1700B /* PBXTargetDependency */ = {
			isa = PBXTargetDependency;
			target = B1FFE17B20E2506600F1700B /* PlayerFMY */;
			targetProxy = B1FFE19520E2506700F1700B /* PBXContainerItemProxy */;
		};
		B1FFE1A120E2506700F1700B /* PBXTargetDependency */ = {
			isa = PBXTargetDependency;
			target = B1FFE17B20E2506600F1700B /* PlayerFMY */;
			targetProxy = B1FFE1A020E2506700F1700B /* PBXContainerItemProxy */;
		};
/* End PBXTargetDependency section */

/* Begin PBXVariantGroup section */
		B1FFE18520E2506600F1700B /* Main.storyboard */ = {
			isa = PBXVariantGroup;
			children = (
				B1FFE18620E2506600F1700B /* Base */,
			);
			name = Main.storyboard;
			sourceTree = "<group>";
		};
		B1FFE18A20E2506700F1700B /* LaunchScreen.storyboard */ = {
			isa = PBXVariantGroup;
			children = (
				B1FFE18B20E2506700F1700B /* Base */,
			);
			name = LaunchScreen.storyboard;
			sourceTree = "<group>";
		};
/* End PBXVariantGroup section */

/* Begin XCBuildConfiguration section */
		B1FFE1A620E2506700F1700B /* Debug */ = {
			isa = XCBuildConfiguration;
			buildSettings = {
				ALWAYS_SEARCH_USER_PATHS = NO;
				CLANG_ANALYZER_NONNULL = YES;
				CLANG_ANALYZER_NUMBER_OBJECT_CONVERSION = YES_AGGRESSIVE;
				CLANG_CXX_LANGUAGE_STANDARD = "gnu++14";
				CLANG_CXX_LIBRARY = "libc++";
				CLANG_ENABLE_MODULES = YES;
				CLANG_ENABLE_OBJC_ARC = YES;
				CLANG_ENABLE_OBJC_WEAK = YES;
				CLANG_WARN_BLOCK_CAPTURE_AUTORELEASING = YES;
				CLANG_WARN_BOOL_CONVERSION = YES;
				CLANG_WARN_COMMA = YES;
				CLANG_WARN_CONSTANT_CONVERSION = YES;
				CLANG_WARN_DEPRECATED_OBJC_IMPLEMENTATIONS = YES;
				CLANG_WARN_DIRECT_OBJC_ISA_USAGE = YES_ERROR;
				CLANG_WARN_DOCUMENTATION_COMMENTS = YES;
				CLANG_WARN_EMPTY_BODY = YES;
				CLANG_WARN_ENUM_CONVERSION = YES;
				CLANG_WARN_INFINITE_RECURSION = YES;
				CLANG_WARN_INT_CONVERSION = YES;
				CLANG_WARN_NON_LITERAL_NULL_CONVERSION = YES;
				CLANG_WARN_OBJC_IMPLICIT_RETAIN_SELF = YES;
				CLANG_WARN_OBJC_LITERAL_CONVERSION = YES;
				CLANG_WARN_OBJC_ROOT_CLASS = YES_ERROR;
				CLANG_WARN_RANGE_LOOP_ANALYSIS = YES;
				CLANG_WARN_STRICT_PROTOTYPES = YES;
				CLANG_WARN_SUSPICIOUS_MOVE = YES;
				CLANG_WARN_UNGUARDED_AVAILABILITY = YES_AGGRESSIVE;
				CLANG_WARN_UNREACHABLE_CODE = YES;
				CLANG_WARN__DUPLICATE_METHOD_MATCH = YES;
				CODE_SIGN_IDENTITY = "iPhone Developer";
				COPY_PHASE_STRIP = NO;
				DEBUG_INFORMATION_FORMAT = dwarf;
				ENABLE_STRICT_OBJC_MSGSEND = YES;
				ENABLE_TESTABILITY = YES;
				GCC_C_LANGUAGE_STANDARD = gnu11;
				GCC_DYNAMIC_NO_PIC = NO;
				GCC_NO_COMMON_BLOCKS = YES;
				GCC_OPTIMIZATION_LEVEL = 0;
				GCC_PREPROCESSOR_DEFINITIONS = (
					"DEBUG=1",
					"$(inherited)",
				);
				GCC_WARN_64_TO_32_BIT_CONVERSION = YES;
				GCC_WARN_ABOUT_RETURN_TYPE = YES_ERROR;
				GCC_WARN_UNDECLARED_SELECTOR = YES;
				GCC_WARN_UNINITIALIZED_AUTOS = YES_AGGRESSIVE;
				GCC_WARN_UNUSED_FUNCTION = YES;
				GCC_WARN_UNUSED_VARIABLE = YES;
				IPHONEOS_DEPLOYMENT_TARGET = 8.2;
				MTL_ENABLE_DEBUG_INFO = YES;
				ONLY_ACTIVE_ARCH = YES;
				SDKROOT = iphoneos;
			};
			name = Debug;
		};
		B1FFE1A720E2506700F1700B /* Release */ = {
			isa = XCBuildConfiguration;
			buildSettings = {
				ALWAYS_SEARCH_USER_PATHS = NO;
				CLANG_ANALYZER_NONNULL = YES;
				CLANG_ANALYZER_NUMBER_OBJECT_CONVERSION = YES_AGGRESSIVE;
				CLANG_CXX_LANGUAGE_STANDARD = "gnu++14";
				CLANG_CXX_LIBRARY = "libc++";
				CLANG_ENABLE_MODULES = YES;
				CLANG_ENABLE_OBJC_ARC = YES;
				CLANG_ENABLE_OBJC_WEAK = YES;
				CLANG_WARN_BLOCK_CAPTURE_AUTORELEASING = YES;
				CLANG_WARN_BOOL_CONVERSION = YES;
				CLANG_WARN_COMMA = YES;
				CLANG_WARN_CONSTANT_CONVERSION = YES;
				CLANG_WARN_DEPRECATED_OBJC_IMPLEMENTATIONS = YES;
				CLANG_WARN_DIRECT_OBJC_ISA_USAGE = YES_ERROR;
				CLANG_WARN_DOCUMENTATION_COMMENTS = YES;
				CLANG_WARN_EMPTY_BODY = YES;
				CLANG_WARN_ENUM_CONVERSION = YES;
				CLANG_WARN_INFINITE_RECURSION = YES;
				CLANG_WARN_INT_CONVERSION = YES;
				CLANG_WARN_NON_LITERAL_NULL_CONVERSION = YES;
				CLANG_WARN_OBJC_IMPLICIT_RETAIN_SELF = YES;
				CLANG_WARN_OBJC_LITERAL_CONVERSION = YES;
				CLANG_WARN_OBJC_ROOT_CLASS = YES_ERROR;
				CLANG_WARN_RANGE_LOOP_ANALYSIS = YES;
				CLANG_WARN_STRICT_PROTOTYPES = YES;
				CLANG_WARN_SUSPICIOUS_MOVE = YES;
				CLANG_WARN_UNGUARDED_AVAILABILITY = YES_AGGRESSIVE;
				CLANG_WARN_UNREACHABLE_CODE = YES;
				CLANG_WARN__DUPLICATE_METHOD_MATCH = YES;
				CODE_SIGN_IDENTITY = "iPhone Developer";
				COPY_PHASE_STRIP = NO;
				DEBUG_INFORMATION_FORMAT = "dwarf-with-dsym";
				ENABLE_NS_ASSERTIONS = NO;
				ENABLE_STRICT_OBJC_MSGSEND = YES;
				GCC_C_LANGUAGE_STANDARD = gnu11;
				GCC_NO_COMMON_BLOCKS = YES;
				GCC_WARN_64_TO_32_BIT_CONVERSION = YES;
				GCC_WARN_ABOUT_RETURN_TYPE = YES_ERROR;
				GCC_WARN_UNDECLARED_SELECTOR = YES;
				GCC_WARN_UNINITIALIZED_AUTOS = YES_AGGRESSIVE;
				GCC_WARN_UNUSED_FUNCTION = YES;
				GCC_WARN_UNUSED_VARIABLE = YES;
				IPHONEOS_DEPLOYMENT_TARGET = 8.2;
				MTL_ENABLE_DEBUG_INFO = NO;
				SDKROOT = iphoneos;
				VALIDATE_PRODUCT = YES;
			};
			name = Release;
		};
		B1FFE1A920E2506700F1700B /* Debug */ = {
			isa = XCBuildConfiguration;
			baseConfigurationReference = 7139F4CB8535A9A3940AA454 /* Pods-PlayerFMY.debug.xcconfig */;
			buildSettings = {
				ASSETCATALOG_COMPILER_APPICON_NAME = AppIcon;
				CODE_SIGN_STYLE = Automatic;
				DEVELOPMENT_TEAM = BBRGPZXSLA;
				INFOPLIST_FILE = PlayerFMY/Info.plist;
				IPHONEOS_DEPLOYMENT_TARGET = 8.2;
				LD_RUNPATH_SEARCH_PATHS = (
					"$(inherited)",
					"@executable_path/Frameworks",
				);
				PRODUCT_BUNDLE_IDENTIFIER = fmy.PlayerFMY;
				PRODUCT_NAME = "$(TARGET_NAME)";
				TARGETED_DEVICE_FAMILY = "1,2";
			};
			name = Debug;
		};
		B1FFE1AA20E2506700F1700B /* Release */ = {
			isa = XCBuildConfiguration;
			baseConfigurationReference = 08E0D2146D4D1B6D24023060 /* Pods-PlayerFMY.release.xcconfig */;
			buildSettings = {
				ASSETCATALOG_COMPILER_APPICON_NAME = AppIcon;
				CODE_SIGN_STYLE = Automatic;
				DEVELOPMENT_TEAM = BBRGPZXSLA;
				INFOPLIST_FILE = PlayerFMY/Info.plist;
				IPHONEOS_DEPLOYMENT_TARGET = 8.2;
				LD_RUNPATH_SEARCH_PATHS = (
					"$(inherited)",
					"@executable_path/Frameworks",
				);
				PRODUCT_BUNDLE_IDENTIFIER = fmy.PlayerFMY;
				PRODUCT_NAME = "$(TARGET_NAME)";
				TARGETED_DEVICE_FAMILY = "1,2";
			};
			name = Release;
		};
		B1FFE1AC20E2506700F1700B /* Debug */ = {
			isa = XCBuildConfiguration;
			baseConfigurationReference = 51DBE9766FA4CB5C0D69A88C /* Pods-PlayerFMYTests.debug.xcconfig */;
			buildSettings = {
				BUNDLE_LOADER = "$(TEST_HOST)";
				CODE_SIGN_STYLE = Automatic;
				INFOPLIST_FILE = PlayerFMYTests/Info.plist;
				LD_RUNPATH_SEARCH_PATHS = (
					"$(inherited)",
					"@executable_path/Frameworks",
					"@loader_path/Frameworks",
				);
				PRODUCT_BUNDLE_IDENTIFIER = fmy.PlayerFMYTests;
				PRODUCT_NAME = "$(TARGET_NAME)";
				TARGETED_DEVICE_FAMILY = "1,2";
				TEST_HOST = "$(BUILT_PRODUCTS_DIR)/PlayerFMY.app/PlayerFMY";
			};
			name = Debug;
		};
		B1FFE1AD20E2506700F1700B /* Release */ = {
			isa = XCBuildConfiguration;
			baseConfigurationReference = AE5DC0BD51460E135D25A5F1 /* Pods-PlayerFMYTests.release.xcconfig */;
			buildSettings = {
				BUNDLE_LOADER = "$(TEST_HOST)";
				CODE_SIGN_STYLE = Automatic;
				INFOPLIST_FILE = PlayerFMYTests/Info.plist;
				LD_RUNPATH_SEARCH_PATHS = (
					"$(inherited)",
					"@executable_path/Frameworks",
					"@loader_path/Frameworks",
				);
				PRODUCT_BUNDLE_IDENTIFIER = fmy.PlayerFMYTests;
				PRODUCT_NAME = "$(TARGET_NAME)";
				TARGETED_DEVICE_FAMILY = "1,2";
				TEST_HOST = "$(BUILT_PRODUCTS_DIR)/PlayerFMY.app/PlayerFMY";
			};
			name = Release;
		};
		B1FFE1AF20E2506700F1700B /* Debug */ = {
			isa = XCBuildConfiguration;
			baseConfigurationReference = 854F77393B95E0018BCE205A /* Pods-PlayerFMYUITests.debug.xcconfig */;
			buildSettings = {
				CODE_SIGN_STYLE = Automatic;
				INFOPLIST_FILE = PlayerFMYUITests/Info.plist;
				LD_RUNPATH_SEARCH_PATHS = (
					"$(inherited)",
					"@executable_path/Frameworks",
					"@loader_path/Frameworks",
				);
				PRODUCT_BUNDLE_IDENTIFIER = fmy.PlayerFMYUITests;
				PRODUCT_NAME = "$(TARGET_NAME)";
				TARGETED_DEVICE_FAMILY = "1,2";
				TEST_TARGET_NAME = PlayerFMY;
			};
			name = Debug;
		};
		B1FFE1B020E2506700F1700B /* Release */ = {
			isa = XCBuildConfiguration;
			baseConfigurationReference = 489D9BE19F6ED749702280B8 /* Pods-PlayerFMYUITests.release.xcconfig */;
			buildSettings = {
				CODE_SIGN_STYLE = Automatic;
				INFOPLIST_FILE = PlayerFMYUITests/Info.plist;
				LD_RUNPATH_SEARCH_PATHS = (
					"$(inherited)",
					"@executable_path/Frameworks",
					"@loader_path/Frameworks",
				);
				PRODUCT_BUNDLE_IDENTIFIER = fmy.PlayerFMYUITests;
				PRODUCT_NAME = "$(TARGET_NAME)";
				TARGETED_DEVICE_FAMILY = "1,2";
				TEST_TARGET_NAME = PlayerFMY;
			};
			name = Release;
		};
/* End XCBuildConfiguration section */

/* Begin XCConfigurationList section */
		B1FFE17720E2506600F1700B /* Build configuration list for PBXProject "PlayerFMY" */ = {
			isa = XCConfigurationList;
			buildConfigurations = (
				B1FFE1A620E2506700F1700B /* Debug */,
				B1FFE1A720E2506700F1700B /* Release */,
			);
			defaultConfigurationIsVisible = 0;
			defaultConfigurationName = Release;
		};
		B1FFE1A820E2506700F1700B /* Build configuration list for PBXNativeTarget "PlayerFMY" */ = {
			isa = XCConfigurationList;
			buildConfigurations = (
				B1FFE1A920E2506700F1700B /* Debug */,
				B1FFE1AA20E2506700F1700B /* Release */,
			);
			defaultConfigurationIsVisible = 0;
			defaultConfigurationName = Release;
		};
		B1FFE1AB20E2506700F1700B /* Build configuration list for PBXNativeTarget "PlayerFMYTests" */ = {
			isa = XCConfigurationList;
			buildConfigurations = (
				B1FFE1AC20E2506700F1700B /* Debug */,
				B1FFE1AD20E2506700F1700B /* Release */,
			);
			defaultConfigurationIsVisible = 0;
			defaultConfigurationName = Release;
		};
		B1FFE1AE20E2506700F1700B /* Build configuration list for PBXNativeTarget "PlayerFMYUITests" */ = {
			isa = XCConfigurationList;
			buildConfigurations = (
				B1FFE1AF20E2506700F1700B /* Debug */,
				B1FFE1B020E2506700F1700B /* Release */,
			);
			defaultConfigurationIsVisible = 0;
			defaultConfigurationName = Release;
		};
/* End XCConfigurationList section */
	};
	rootObject = B1FFE17420E2506600F1700B /* Project object */;
}
