// !$*UTF8*$!
{
	archiveVersion = 1;
	classes = {
	};
	objectVersion = 50;
	objects = {

/* Begin PBXBuildFile section */
		0ED38CBD7DF1657AE0F23E49 /* libPods-DQUIViewlibTests.a in Frameworks */ = {isa = PBXBuildFile; fileRef = CFD6FE0B03AE2609D44C3859 /* libPods-DQUIViewlibTests.a */; };
		593FB80988D74370AB99C52A /* libPods-DQUIViewlib.a in Frameworks */ = {isa = PBXBuildFile; fileRef = B966A24DEFCE73E3B23FF0AD /* libPods-DQUIViewlib.a */; };
		6EE4063C45D749D8716CBC09 /* libPods-DQUIViewlibUITests.a in Frameworks */ = {isa = PBXBuildFile; fileRef = C1E3F50653C3287E5EBF2176 /* libPods-DQUIViewlibUITests.a */; };
		B12788E5210702AB00217376 /* NavBarShowHiddenViewController.m in Sources */ = {isa = PBXBuildFile; fileRef = B12788E4210702AB00217376 /* NavBarShowHiddenViewController.m */; };
		B12788F72109A83600217376 /* BLStopwatch.m in Sources */ = {isa = PBXBuildFile; fileRef = B12788F32109A83500217376 /* BLStopwatch.m */; };
		B12788F92109A83600217376 /* README.md in Resources */ = {isa = PBXBuildFile; fileRef = B12788F52109A83600217376 /* README.md */; };
		B16EC97620F843770046E688 /* SingleViewLibTableViewController.m in Sources */ = {isa = PBXBuildFile; fileRef = B16EC97520F843770046E688 /* SingleViewLibTableViewController.m */; };
		B16EC97A20F848DE0046E688 /* TBGradientLayerView.m in Sources */ = {isa = PBXBuildFile; fileRef = B16EC97820F848DE0046E688 /* TBGradientLayerView.m */; };
		B16EC97D20F84D470046E688 /* GradientLayerView.m in Sources */ = {isa = PBXBuildFile; fileRef = B16EC97C20F84D470046E688 /* GradientLayerView.m */; };
		B16EC9A520FD8EBB0046E688 /* SegmentView.m in Sources */ = {isa = PBXBuildFile; fileRef = B16EC9A420FD8EBB0046E688 /* SegmentView.m */; };
		B16EC9B220FDCDE80046E688 /* SelfNavigationBarViewController.m in Sources */ = {isa = PBXBuildFile; fileRef = B16EC9B120FDCDE80046E688 /* SelfNavigationBarViewController.m */; };
		B16EC9C120FF2D220046E688 /* DQNavigationController.m in Sources */ = {isa = PBXBuildFile; fileRef = B16EC9C020FF2D220046E688 /* DQNavigationController.m */; };
		B16EC9CA20FF370A0046E688 /* CustomNavigationBar.m in Sources */ = {isa = PBXBuildFile; fileRef = B16EC9C920FF370A0046E688 /* CustomNavigationBar.m */; };
		B16EC9CE20FF47620046E688 /* SASView.m in Sources */ = {isa = PBXBuildFile; fileRef = B16EC9CC20FF47620046E688 /* SASView.m */; };
		B16EC9D120FF47A90046E688 /* UIView+SARRS.m in Sources */ = {isa = PBXBuildFile; fileRef = B16EC9CF20FF47A90046E688 /* UIView+SARRS.m */; };
		B18ADBB320FF57170096B8DA /* NavigationControllerListViewController.m in Sources */ = {isa = PBXBuildFile; fileRef = B18ADBB220FF57170096B8DA /* NavigationControllerListViewController.m */; };
		B18ADBB620FF582D0096B8DA /* NavigationSubViewController.m in Sources */ = {isa = PBXBuildFile; fileRef = B18ADBB520FF582D0096B8DA /* NavigationSubViewController.m */; };
		B1BBF00C20F6F8E1005D59B2 /* AppDelegate.m in Sources */ = {isa = PBXBuildFile; fileRef = B1BBF00B20F6F8E1005D59B2 /* AppDelegate.m */; };
		B1BBF01220F6F8E1005D59B2 /* Main.storyboard in Resources */ = {isa = PBXBuildFile; fileRef = B1BBF01020F6F8E1005D59B2 /* Main.storyboard */; };
		B1BBF01420F6F8E3005D59B2 /* Assets.xcassets in Resources */ = {isa = PBXBuildFile; fileRef = B1BBF01320F6F8E3005D59B2 /* Assets.xcassets */; };
		B1BBF01720F6F8E3005D59B2 /* LaunchScreen.storyboard in Resources */ = {isa = PBXBuildFile; fileRef = B1BBF01520F6F8E3005D59B2 /* LaunchScreen.storyboard */; };
		B1BBF01A20F6F8E3005D59B2 /* main.m in Sources */ = {isa = PBXBuildFile; fileRef = B1BBF01920F6F8E3005D59B2 /* main.m */; };
		B1BBF02420F6F8E3005D59B2 /* DQUIViewlibTests.m in Sources */ = {isa = PBXBuildFile; fileRef = B1BBF02320F6F8E3005D59B2 /* DQUIViewlibTests.m */; };
		B1BBF02F20F6F8E3005D59B2 /* DQUIViewlibUITests.m in Sources */ = {isa = PBXBuildFile; fileRef = B1BBF02E20F6F8E3005D59B2 /* DQUIViewlibUITests.m */; };
		B1BBF03E20F6F9C2005D59B2 /* BaseViewController.m in Sources */ = {isa = PBXBuildFile; fileRef = B1BBF03D20F6F9C2005D59B2 /* BaseViewController.m */; };
		B1BBF04120F6FA0F005D59B2 /* BraceletViewController.m in Sources */ = {isa = PBXBuildFile; fileRef = B1BBF04020F6FA0F005D59B2 /* BraceletViewController.m */; };
		B1BBF04520F6FA30005D59B2 /* BraceletView.m in Sources */ = {isa = PBXBuildFile; fileRef = B1BBF04420F6FA30005D59B2 /* BraceletView.m */; };
/* End PBXBuildFile section */

/* Begin PBXContainerItemProxy section */
		B1BBF02020F6F8E3005D59B2 /* PBXContainerItemProxy */ = {
			isa = PBXContainerItemProxy;
			containerPortal = B1BBEFFF20F6F8E1005D59B2 /* Project object */;
			proxyType = 1;
			remoteGlobalIDString = B1BBF00620F6F8E1005D59B2;
			remoteInfo = DQUIViewlib;
		};
		B1BBF02B20F6F8E3005D59B2 /* PBXContainerItemProxy */ = {
			isa = PBXContainerItemProxy;
			containerPortal = B1BBEFFF20F6F8E1005D59B2 /* Project object */;
			proxyType = 1;
			remoteGlobalIDString = B1BBF00620F6F8E1005D59B2;
			remoteInfo = DQUIViewlib;
		};
/* End PBXContainerItemProxy section */

/* Begin PBXFileReference section */
		2CA25E9DF46D3D4F31E74B6D /* Pods-DQUIViewlibUITests.release.xcconfig */ = {isa = PBXFileReference; includeInIndex = 1; lastKnownFileType = text.xcconfig; name = "Pods-DQUIViewlibUITests.release.xcconfig"; path = "Pods/Target Support Files/Pods-DQUIViewlibUITests/Pods-DQUIViewlibUITests.release.xcconfig"; sourceTree = "<group>"; };
		31BF2ABD343D802168872366 /* Pods-DQUIViewlibUITests.debug.xcconfig */ = {isa = PBXFileReference; includeInIndex = 1; lastKnownFileType = text.xcconfig; name = "Pods-DQUIViewlibUITests.debug.xcconfig"; path = "Pods/Target Support Files/Pods-DQUIViewlibUITests/Pods-DQUIViewlibUITests.debug.xcconfig"; sourceTree = "<group>"; };
		50CC8F072E4C671532BA4BCA /* Pods-DQUIViewlibTests.release.xcconfig */ = {isa = PBXFileReference; includeInIndex = 1; lastKnownFileType = text.xcconfig; name = "Pods-DQUIViewlibTests.release.xcconfig"; path = "Pods/Target Support Files/Pods-DQUIViewlibTests/Pods-DQUIViewlibTests.release.xcconfig"; sourceTree = "<group>"; };
		B12788E3210702AB00217376 /* NavBarShowHiddenViewController.h */ = {isa = PBXFileReference; lastKnownFileType = sourcecode.c.h; path = NavBarShowHiddenViewController.h; sourceTree = "<group>"; };
		B12788E4210702AB00217376 /* NavBarShowHiddenViewController.m */ = {isa = PBXFileReference; lastKnownFileType = sourcecode.c.objc; path = NavBarShowHiddenViewController.m; sourceTree = "<group>"; };
		B12788F32109A83500217376 /* BLStopwatch.m */ = {isa = PBXFileReference; fileEncoding = 4; lastKnownFileType = sourcecode.c.objc; path = BLStopwatch.m; sourceTree = "<group>"; };
		B12788F52109A83600217376 /* README.md */ = {isa = PBXFileReference; fileEncoding = 4; lastKnownFileType = net.daringfireball.markdown; path = README.md; sourceTree = "<group>"; };
		B12788F62109A83600217376 /* BLStopwatch.h */ = {isa = PBXFileReference; fileEncoding = 4; lastKnownFileType = sourcecode.c.h; path = BLStopwatch.h; sourceTree = "<group>"; };
		B16EC97420F843770046E688 /* SingleViewLibTableViewController.h */ = {isa = PBXFileReference; lastKnownFileType = sourcecode.c.h; path = SingleViewLibTableViewController.h; sourceTree = "<group>"; };
		B16EC97520F843770046E688 /* SingleViewLibTableViewController.m */ = {isa = PBXFileReference; lastKnownFileType = sourcecode.c.objc; path = SingleViewLibTableViewController.m; sourceTree = "<group>"; };
		B16EC97820F848DE0046E688 /* TBGradientLayerView.m */ = {isa = PBXFileReference; fileEncoding = 4; lastKnownFileType = sourcecode.c.objc; path = TBGradientLayerView.m; sourceTree = "<group>"; };
		B16EC97920F848DE0046E688 /* TBGradientLayerView.h */ = {isa = PBXFileReference; fileEncoding = 4; lastKnownFileType = sourcecode.c.h; path = TBGradientLayerView.h; sourceTree = "<group>"; };
		B16EC97B20F84D470046E688 /* GradientLayerView.h */ = {isa = PBXFileReference; lastKnownFileType = sourcecode.c.h; path = GradientLayerView.h; sourceTree = "<group>"; };
		B16EC97C20F84D470046E688 /* GradientLayerView.m */ = {isa = PBXFileReference; lastKnownFileType = sourcecode.c.objc; path = GradientLayerView.m; sourceTree = "<group>"; };
		B16EC98120F877190046E688 /* PrefixHeader.pch */ = {isa = PBXFileReference; lastKnownFileType = sourcecode.c.h; path = PrefixHeader.pch; sourceTree = "<group>"; };
		B16EC9A320FD8EBB0046E688 /* SegmentView.h */ = {isa = PBXFileReference; lastKnownFileType = sourcecode.c.h; path = SegmentView.h; sourceTree = "<group>"; };
		B16EC9A420FD8EBB0046E688 /* SegmentView.m */ = {isa = PBXFileReference; lastKnownFileType = sourcecode.c.objc; path = SegmentView.m; sourceTree = "<group>"; };
		B16EC9B020FDCDE80046E688 /* SelfNavigationBarViewController.h */ = {isa = PBXFileReference; lastKnownFileType = sourcecode.c.h; path = SelfNavigationBarViewController.h; sourceTree = "<group>"; };
		B16EC9B120FDCDE80046E688 /* SelfNavigationBarViewController.m */ = {isa = PBXFileReference; lastKnownFileType = sourcecode.c.objc; path = SelfNavigationBarViewController.m; sourceTree = "<group>"; };
		B16EC9BF20FF2D220046E688 /* DQNavigationController.h */ = {isa = PBXFileReference; lastKnownFileType = sourcecode.c.h; path = DQNavigationController.h; sourceTree = "<group>"; };
		B16EC9C020FF2D220046E688 /* DQNavigationController.m */ = {isa = PBXFileReference; lastKnownFileType = sourcecode.c.objc; path = DQNavigationController.m; sourceTree = "<group>"; };
		B16EC9C820FF370A0046E688 /* CustomNavigationBar.h */ = {isa = PBXFileReference; lastKnownFileType = sourcecode.c.h; path = CustomNavigationBar.h; sourceTree = "<group>"; };
		B16EC9C920FF370A0046E688 /* CustomNavigationBar.m */ = {isa = PBXFileReference; lastKnownFileType = sourcecode.c.objc; path = CustomNavigationBar.m; sourceTree = "<group>"; };
		B16EC9CC20FF47620046E688 /* SASView.m */ = {isa = PBXFileReference; fileEncoding = 4; lastKnownFileType = sourcecode.c.objc; path = SASView.m; sourceTree = "<group>"; };
		B16EC9CD20FF47620046E688 /* SASView.h */ = {isa = PBXFileReference; fileEncoding = 4; lastKnownFileType = sourcecode.c.h; path = SASView.h; sourceTree = "<group>"; };
		B16EC9CF20FF47A90046E688 /* UIView+SARRS.m */ = {isa = PBXFileReference; fileEncoding = 4; lastKnownFileType = sourcecode.c.objc; path = "UIView+SARRS.m"; sourceTree = "<group>"; };
		B16EC9D020FF47A90046E688 /* UIView+SARRS.h */ = {isa = PBXFileReference; fileEncoding = 4; lastKnownFileType = sourcecode.c.h; path = "UIView+SARRS.h"; sourceTree = "<group>"; };
		B18ADBB120FF57170096B8DA /* NavigationControllerListViewController.h */ = {isa = PBXFileReference; lastKnownFileType = sourcecode.c.h; path = NavigationControllerListViewController.h; sourceTree = "<group>"; };
		B18ADBB220FF57170096B8DA /* NavigationControllerListViewController.m */ = {isa = PBXFileReference; lastKnownFileType = sourcecode.c.objc; path = NavigationControllerListViewController.m; sourceTree = "<group>"; };
		B18ADBB420FF582D0096B8DA /* NavigationSubViewController.h */ = {isa = PBXFileReference; lastKnownFileType = sourcecode.c.h; path = NavigationSubViewController.h; sourceTree = "<group>"; };
		B18ADBB520FF582D0096B8DA /* NavigationSubViewController.m */ = {isa = PBXFileReference; lastKnownFileType = sourcecode.c.objc; path = NavigationSubViewController.m; sourceTree = "<group>"; };
		B1BBF00720F6F8E1005D59B2 /* DQUIViewlib.app */ = {isa = PBXFileReference; explicitFileType = wrapper.application; includeInIndex = 0; path = DQUIViewlib.app; sourceTree = BUILT_PRODUCTS_DIR; };
		B1BBF00A20F6F8E1005D59B2 /* AppDelegate.h */ = {isa = PBXFileReference; lastKnownFileType = sourcecode.c.h; path = AppDelegate.h; sourceTree = "<group>"; };
		B1BBF00B20F6F8E1005D59B2 /* AppDelegate.m */ = {isa = PBXFileReference; lastKnownFileType = sourcecode.c.objc; path = AppDelegate.m; sourceTree = "<group>"; };
		B1BBF01120F6F8E1005D59B2 /* Base */ = {isa = PBXFileReference; lastKnownFileType = file.storyboard; name = Base; path = Base.lproj/Main.storyboard; sourceTree = "<group>"; };
		B1BBF01320F6F8E3005D59B2 /* Assets.xcassets */ = {isa = PBXFileReference; lastKnownFileType = folder.assetcatalog; path = Assets.xcassets; sourceTree = "<group>"; };
		B1BBF01620F6F8E3005D59B2 /* Base */ = {isa = PBXFileReference; lastKnownFileType = file.storyboard; name = Base; path = Base.lproj/LaunchScreen.storyboard; sourceTree = "<group>"; };
		B1BBF01820F6F8E3005D59B2 /* Info.plist */ = {isa = PBXFileReference; lastKnownFileType = text.plist.xml; path = Info.plist; sourceTree = "<group>"; };
		B1BBF01920F6F8E3005D59B2 /* main.m */ = {isa = PBXFileReference; lastKnownFileType = sourcecode.c.objc; path = main.m; sourceTree = "<group>"; };
		B1BBF01F20F6F8E3005D59B2 /* DQUIViewlibTests.xctest */ = {isa = PBXFileReference; explicitFileType = wrapper.cfbundle; includeInIndex = 0; path = DQUIViewlibTests.xctest; sourceTree = BUILT_PRODUCTS_DIR; };
		B1BBF02320F6F8E3005D59B2 /* DQUIViewlibTests.m */ = {isa = PBXFileReference; lastKnownFileType = sourcecode.c.objc; path = DQUIViewlibTests.m; sourceTree = "<group>"; };
		B1BBF02520F6F8E3005D59B2 /* Info.plist */ = {isa = PBXFileReference; lastKnownFileType = text.plist.xml; path = Info.plist; sourceTree = "<group>"; };
		B1BBF02A20F6F8E3005D59B2 /* DQUIViewlibUITests.xctest */ = {isa = PBXFileReference; explicitFileType = wrapper.cfbundle; includeInIndex = 0; path = DQUIViewlibUITests.xctest; sourceTree = BUILT_PRODUCTS_DIR; };
		B1BBF02E20F6F8E3005D59B2 /* DQUIViewlibUITests.m */ = {isa = PBXFileReference; lastKnownFileType = sourcecode.c.objc; path = DQUIViewlibUITests.m; sourceTree = "<group>"; };
		B1BBF03020F6F8E3005D59B2 /* Info.plist */ = {isa = PBXFileReference; lastKnownFileType = text.plist.xml; path = Info.plist; sourceTree = "<group>"; };
		B1BBF03C20F6F9C2005D59B2 /* BaseViewController.h */ = {isa = PBXFileReference; lastKnownFileType = sourcecode.c.h; path = BaseViewController.h; sourceTree = "<group>"; };
		B1BBF03D20F6F9C2005D59B2 /* BaseViewController.m */ = {isa = PBXFileReference; lastKnownFileType = sourcecode.c.objc; path = BaseViewController.m; sourceTree = "<group>"; };
		B1BBF03F20F6FA0F005D59B2 /* BraceletViewController.h */ = {isa = PBXFileReference; lastKnownFileType = sourcecode.c.h; path = BraceletViewController.h; sourceTree = "<group>"; };
		B1BBF04020F6FA0F005D59B2 /* BraceletViewController.m */ = {isa = PBXFileReference; lastKnownFileType = sourcecode.c.objc; path = BraceletViewController.m; sourceTree = "<group>"; };
		B1BBF04320F6FA30005D59B2 /* BraceletView.h */ = {isa = PBXFileReference; lastKnownFileType = sourcecode.c.h; path = BraceletView.h; sourceTree = "<group>"; };
		B1BBF04420F6FA30005D59B2 /* BraceletView.m */ = {isa = PBXFileReference; lastKnownFileType = sourcecode.c.objc; path = BraceletView.m; sourceTree = "<group>"; };
		B966A24DEFCE73E3B23FF0AD /* libPods-DQUIViewlib.a */ = {isa = PBXFileReference; explicitFileType = archive.ar; includeInIndex = 0; path = "libPods-DQUIViewlib.a"; sourceTree = BUILT_PRODUCTS_DIR; };
		C1E3F50653C3287E5EBF2176 /* libPods-DQUIViewlibUITests.a */ = {isa = PBXFileReference; explicitFileType = archive.ar; includeInIndex = 0; path = "libPods-DQUIViewlibUITests.a"; sourceTree = BUILT_PRODUCTS_DIR; };
		C79104D1D50D9F8C32E66F51 /* Pods-DQUIViewlib.debug.xcconfig */ = {isa = PBXFileReference; includeInIndex = 1; lastKnownFileType = text.xcconfig; name = "Pods-DQUIViewlib.debug.xcconfig"; path = "Pods/Target Support Files/Pods-DQUIViewlib/Pods-DQUIViewlib.debug.xcconfig"; sourceTree = "<group>"; };
		CFD6FE0B03AE2609D44C3859 /* libPods-DQUIViewlibTests.a */ = {isa = PBXFileReference; explicitFileType = archive.ar; includeInIndex = 0; path = "libPods-DQUIViewlibTests.a"; sourceTree = BUILT_PRODUCTS_DIR; };
		E9F8A396A225FEEDFAE9BEB8 /* Pods-DQUIViewlibTests.debug.xcconfig */ = {isa = PBXFileReference; includeInIndex = 1; lastKnownFileType = text.xcconfig; name = "Pods-DQUIViewlibTests.debug.xcconfig"; path = "Pods/Target Support Files/Pods-DQUIViewlibTests/Pods-DQUIViewlibTests.debug.xcconfig"; sourceTree = "<group>"; };
		EE9D98BA438550A5D5946766 /* Pods-DQUIViewlib.release.xcconfig */ = {isa = PBXFileReference; includeInIndex = 1; lastKnownFileType = text.xcconfig; name = "Pods-DQUIViewlib.release.xcconfig"; path = "Pods/Target Support Files/Pods-DQUIViewlib/Pods-DQUIViewlib.release.xcconfig"; sourceTree = "<group>"; };
/* End PBXFileReference section */

/* Begin PBXFrameworksBuildPhase section */
		B1BBF00420F6F8E1005D59B2 /* Frameworks */ = {
			isa = PBXFrameworksBuildPhase;
			buildActionMask = 2147483647;
			files = (
				593FB80988D74370AB99C52A /* libPods-DQUIViewlib.a in Frameworks */,
			);
			runOnlyForDeploymentPostprocessing = 0;
		};
		B1BBF01C20F6F8E3005D59B2 /* Frameworks */ = {
			isa = PBXFrameworksBuildPhase;
			buildActionMask = 2147483647;
			files = (
				0ED38CBD7DF1657AE0F23E49 /* libPods-DQUIViewlibTests.a in Frameworks */,
			);
			runOnlyForDeploymentPostprocessing = 0;
		};
		B1BBF02720F6F8E3005D59B2 /* Frameworks */ = {
			isa = PBXFrameworksBuildPhase;
			buildActionMask = 2147483647;
			files = (
				6EE4063C45D749D8716CBC09 /* libPods-DQUIViewlibUITests.a in Frameworks */,
			);
			runOnlyForDeploymentPostprocessing = 0;
		};
/* End PBXFrameworksBuildPhase section */

/* Begin PBXGroup section */
		B12788F12109A75400217376 /* Vendor */ = {
			isa = PBXGroup;
			children = (
				B12788F22109A7EB00217376 /* BLStopwatch */,
			);
			path = Vendor;
			sourceTree = "<group>";
		};
		B12788F22109A7EB00217376 /* BLStopwatch */ = {
			isa = PBXGroup;
			children = (
				B12788F62109A83600217376 /* BLStopwatch.h */,
				B12788F32109A83500217376 /* BLStopwatch.m */,
				B12788F52109A83600217376 /* README.md */,
			);
			path = BLStopwatch;
			sourceTree = "<group>";
		};
		B16EC97720F845610046E688 /* gradient */ = {
			isa = PBXGroup;
			children = (
				B16EC97920F848DE0046E688 /* TBGradientLayerView.h */,
				B16EC97820F848DE0046E688 /* TBGradientLayerView.m */,
				B16EC97B20F84D470046E688 /* GradientLayerView.h */,
				B16EC97C20F84D470046E688 /* GradientLayerView.m */,
			);
			path = gradient;
			sourceTree = "<group>";
		};
		B16EC97E20F875ED0046E688 /* header */ = {
			isa = PBXGroup;
			children = (
				B16EC98120F877190046E688 /* PrefixHeader.pch */,
			);
			path = header;
			sourceTree = "<group>";
		};
		B16EC9A220FD8E6C0046E688 /* segment */ = {
			isa = PBXGroup;
			children = (
				B16EC9A320FD8EBB0046E688 /* SegmentView.h */,
				B16EC9A420FD8EBB0046E688 /* SegmentView.m */,
			);
			path = segment;
			sourceTree = "<group>";
		};
		B16EC9BE20FF2CE30046E688 /* navigationController */ = {
			isa = PBXGroup;
			children = (
				B16EC9BF20FF2D220046E688 /* DQNavigationController.h */,
				B16EC9C020FF2D220046E688 /* DQNavigationController.m */,
				B16EC9C820FF370A0046E688 /* CustomNavigationBar.h */,
				B16EC9C920FF370A0046E688 /* CustomNavigationBar.m */,
				B18ADBB120FF57170096B8DA /* NavigationControllerListViewController.h */,
				B18ADBB220FF57170096B8DA /* NavigationControllerListViewController.m */,
				B18ADBB420FF582D0096B8DA /* NavigationSubViewController.h */,
				B18ADBB520FF582D0096B8DA /* NavigationSubViewController.m */,
			);
			path = navigationController;
			sourceTree = "<group>";
		};
		B16EC9CB20FF47470046E688 /* sasview */ = {
			isa = PBXGroup;
			children = (
				B16EC9CD20FF47620046E688 /* SASView.h */,
				B16EC9CC20FF47620046E688 /* SASView.m */,
				B16EC9D020FF47A90046E688 /* UIView+SARRS.h */,
				B16EC9CF20FF47A90046E688 /* UIView+SARRS.m */,
			);
			path = sasview;
			sourceTree = "<group>";
		};
		B1BBEFFE20F6F8E1005D59B2 = {
			isa = PBXGroup;
			children = (
				B1BBF00920F6F8E1005D59B2 /* DQUIViewlib */,
				B1BBF02220F6F8E3005D59B2 /* DQUIViewlibTests */,
				B1BBF02D20F6F8E3005D59B2 /* DQUIViewlibUITests */,
				B1BBF00820F6F8E1005D59B2 /* Products */,
				C4ABB1402AEE3218FDDE2370 /* Pods */,
				B51FFD726940C073CFD44B2D /* Frameworks */,
			);
			sourceTree = "<group>";
		};
		B1BBF00820F6F8E1005D59B2 /* Products */ = {
			isa = PBXGroup;
			children = (
				B1BBF00720F6F8E1005D59B2 /* DQUIViewlib.app */,
				B1BBF01F20F6F8E3005D59B2 /* DQUIViewlibTests.xctest */,
				B1BBF02A20F6F8E3005D59B2 /* DQUIViewlibUITests.xctest */,
			);
			name = Products;
			sourceTree = "<group>";
		};
		B1BBF00920F6F8E1005D59B2 /* DQUIViewlib */ = {
			isa = PBXGroup;
			children = (
				B12788F12109A75400217376 /* Vendor */,
				B16EC9CB20FF47470046E688 /* sasview */,
				B16EC9BE20FF2CE30046E688 /* navigationController */,
				B16EC9A220FD8E6C0046E688 /* segment */,
				B16EC97720F845610046E688 /* gradient */,
				B1BBF04220F6FA19005D59B2 /* bracelet */,
				B1BBF00A20F6F8E1005D59B2 /* AppDelegate.h */,
				B1BBF00B20F6F8E1005D59B2 /* AppDelegate.m */,
				B1BBF01020F6F8E1005D59B2 /* Main.storyboard */,
				B1BBF01320F6F8E3005D59B2 /* Assets.xcassets */,
				B16EC97E20F875ED0046E688 /* header */,
				B1BBF01520F6F8E3005D59B2 /* LaunchScreen.storyboard */,
				B1BBF01820F6F8E3005D59B2 /* Info.plist */,
				B1BBF01920F6F8E3005D59B2 /* main.m */,
				B16EC97420F843770046E688 /* SingleViewLibTableViewController.h */,
				B16EC97520F843770046E688 /* SingleViewLibTableViewController.m */,
				B1BBF03C20F6F9C2005D59B2 /* BaseViewController.h */,
				B1BBF03D20F6F9C2005D59B2 /* BaseViewController.m */,
				B1BBF03F20F6FA0F005D59B2 /* BraceletViewController.h */,
				B1BBF04020F6FA0F005D59B2 /* BraceletViewController.m */,
				B12788E3210702AB00217376 /* NavBarShowHiddenViewController.h */,
				B12788E4210702AB00217376 /* NavBarShowHiddenViewController.m */,
				B16EC9B020FDCDE80046E688 /* SelfNavigationBarViewController.h */,
				B16EC9B120FDCDE80046E688 /* SelfNavigationBarViewController.m */,
			);
			path = DQUIViewlib;
			sourceTree = "<group>";
		};
		B1BBF02220F6F8E3005D59B2 /* DQUIViewlibTests */ = {
			isa = PBXGroup;
			children = (
				B1BBF02320F6F8E3005D59B2 /* DQUIViewlibTests.m */,
				B1BBF02520F6F8E3005D59B2 /* Info.plist */,
			);
			path = DQUIViewlibTests;
			sourceTree = "<group>";
		};
		B1BBF02D20F6F8E3005D59B2 /* DQUIViewlibUITests */ = {
			isa = PBXGroup;
			children = (
				B1BBF02E20F6F8E3005D59B2 /* DQUIViewlibUITests.m */,
				B1BBF03020F6F8E3005D59B2 /* Info.plist */,
			);
			path = DQUIViewlibUITests;
			sourceTree = "<group>";
		};
		B1BBF04220F6FA19005D59B2 /* bracelet */ = {
			isa = PBXGroup;
			children = (
				B1BBF04320F6FA30005D59B2 /* BraceletView.h */,
				B1BBF04420F6FA30005D59B2 /* BraceletView.m */,
			);
			path = bracelet;
			sourceTree = "<group>";
		};
		B51FFD726940C073CFD44B2D /* Frameworks */ = {
			isa = PBXGroup;
			children = (
				B966A24DEFCE73E3B23FF0AD /* libPods-DQUIViewlib.a */,
				CFD6FE0B03AE2609D44C3859 /* libPods-DQUIViewlibTests.a */,
				C1E3F50653C3287E5EBF2176 /* libPods-DQUIViewlibUITests.a */,
			);
			name = Frameworks;
			sourceTree = "<group>";
		};
		C4ABB1402AEE3218FDDE2370 /* Pods */ = {
			isa = PBXGroup;
			children = (
				C79104D1D50D9F8C32E66F51 /* Pods-DQUIViewlib.debug.xcconfig */,
				EE9D98BA438550A5D5946766 /* Pods-DQUIViewlib.release.xcconfig */,
				E9F8A396A225FEEDFAE9BEB8 /* Pods-DQUIViewlibTests.debug.xcconfig */,
				50CC8F072E4C671532BA4BCA /* Pods-DQUIViewlibTests.release.xcconfig */,
				31BF2ABD343D802168872366 /* Pods-DQUIViewlibUITests.debug.xcconfig */,
				2CA25E9DF46D3D4F31E74B6D /* Pods-DQUIViewlibUITests.release.xcconfig */,
			);
			name = Pods;
			sourceTree = "<group>";
		};
/* End PBXGroup section */

/* Begin PBXNativeTarget section */
		B1BBF00620F6F8E1005D59B2 /* DQUIViewlib */ = {
			isa = PBXNativeTarget;
			buildConfigurationList = B1BBF03320F6F8E3005D59B2 /* Build configuration list for PBXNativeTarget "DQUIViewlib" */;
			buildPhases = (
				91F4290020E5A499C41A624B /* [CP] Check Pods Manifest.lock */,
				B1BBF00320F6F8E1005D59B2 /* Sources */,
				B1BBF00420F6F8E1005D59B2 /* Frameworks */,
				B1BBF00520F6F8E1005D59B2 /* Resources */,
			);
			buildRules = (
			);
			dependencies = (
			);
			name = DQUIViewlib;
			productName = DQUIViewlib;
			productReference = B1BBF00720F6F8E1005D59B2 /* DQUIViewlib.app */;
			productType = "com.apple.product-type.application";
		};
		B1BBF01E20F6F8E3005D59B2 /* DQUIViewlibTests */ = {
			isa = PBXNativeTarget;
			buildConfigurationList = B1BBF03620F6F8E3005D59B2 /* Build configuration list for PBXNativeTarget "DQUIViewlibTests" */;
			buildPhases = (
				AB6149A424D88FAF2A53DC99 /* [CP] Check Pods Manifest.lock */,
				B1BBF01B20F6F8E3005D59B2 /* Sources */,
				B1BBF01C20F6F8E3005D59B2 /* Frameworks */,
				B1BBF01D20F6F8E3005D59B2 /* Resources */,
			);
			buildRules = (
			);
			dependencies = (
				B1BBF02120F6F8E3005D59B2 /* PBXTargetDependency */,
			);
			name = DQUIViewlibTests;
			productName = DQUIViewlibTests;
			productReference = B1BBF01F20F6F8E3005D59B2 /* DQUIViewlibTests.xctest */;
			productType = "com.apple.product-type.bundle.unit-test";
		};
		B1BBF02920F6F8E3005D59B2 /* DQUIViewlibUITests */ = {
			isa = PBXNativeTarget;
			buildConfigurationList = B1BBF03920F6F8E3005D59B2 /* Build configuration list for PBXNativeTarget "DQUIViewlibUITests" */;
			buildPhases = (
				BE51FFE5845213DC73271BEB /* [CP] Check Pods Manifest.lock */,
				B1BBF02620F6F8E3005D59B2 /* Sources */,
				B1BBF02720F6F8E3005D59B2 /* Frameworks */,
				B1BBF02820F6F8E3005D59B2 /* Resources */,
			);
			buildRules = (
			);
			dependencies = (
				B1BBF02C20F6F8E3005D59B2 /* PBXTargetDependency */,
			);
			name = DQUIViewlibUITests;
			productName = DQUIViewlibUITests;
			productReference = B1BBF02A20F6F8E3005D59B2 /* DQUIViewlibUITests.xctest */;
			productType = "com.apple.product-type.bundle.ui-testing";
		};
/* End PBXNativeTarget section */

/* Begin PBXProject section */
		B1BBEFFF20F6F8E1005D59B2 /* Project object */ = {
			isa = PBXProject;
			attributes = {
				LastUpgradeCheck = 0940;
				ORGANIZATIONNAME = lxw;
				TargetAttributes = {
					B1BBF00620F6F8E1005D59B2 = {
						CreatedOnToolsVersion = 9.4;
					};
					B1BBF01E20F6F8E3005D59B2 = {
						CreatedOnToolsVersion = 9.4;
						TestTargetID = B1BBF00620F6F8E1005D59B2;
					};
					B1BBF02920F6F8E3005D59B2 = {
						CreatedOnToolsVersion = 9.4;
						TestTargetID = B1BBF00620F6F8E1005D59B2;
					};
				};
			};
			buildConfigurationList = B1BBF00220F6F8E1005D59B2 /* Build configuration list for PBXProject "DQUIViewlib" */;
			compatibilityVersion = "Xcode 9.3";
			developmentRegion = en;
			hasScannedForEncodings = 0;
			knownRegions = (
				en,
				Base,
			);
			mainGroup = B1BBEFFE20F6F8E1005D59B2;
			productRefGroup = B1BBF00820F6F8E1005D59B2 /* Products */;
			projectDirPath = "";
			projectRoot = "";
			targets = (
				B1BBF00620F6F8E1005D59B2 /* DQUIViewlib */,
				B1BBF01E20F6F8E3005D59B2 /* DQUIViewlibTests */,
				B1BBF02920F6F8E3005D59B2 /* DQUIViewlibUITests */,
			);
		};
/* End PBXProject section */

/* Begin PBXResourcesBuildPhase section */
		B1BBF00520F6F8E1005D59B2 /* Resources */ = {
			isa = PBXResourcesBuildPhase;
			buildActionMask = 2147483647;
			files = (
				B1BBF01720F6F8E3005D59B2 /* LaunchScreen.storyboard in Resources */,
				B1BBF01420F6F8E3005D59B2 /* Assets.xcassets in Resources */,
				B12788F92109A83600217376 /* README.md in Resources */,
				B1BBF01220F6F8E1005D59B2 /* Main.storyboard in Resources */,
			);
			runOnlyForDeploymentPostprocessing = 0;
		};
		B1BBF01D20F6F8E3005D59B2 /* Resources */ = {
			isa = PBXResourcesBuildPhase;
			buildActionMask = 2147483647;
			files = (
			);
			runOnlyForDeploymentPostprocessing = 0;
		};
		B1BBF02820F6F8E3005D59B2 /* Resources */ = {
			isa = PBXResourcesBuildPhase;
			buildActionMask = 2147483647;
			files = (
			);
			runOnlyForDeploymentPostprocessing = 0;
		};
/* End PBXResourcesBuildPhase section */

/* Begin PBXShellScriptBuildPhase section */
		91F4290020E5A499C41A624B /* [CP] Check Pods Manifest.lock */ = {
			isa = PBXShellScriptBuildPhase;
			buildActionMask = 2147483647;
			files = (
			);
			inputPaths = (
				"${PODS_PODFILE_DIR_PATH}/Podfile.lock",
				"${PODS_ROOT}/Manifest.lock",
			);
			name = "[CP] Check Pods Manifest.lock";
			outputPaths = (
				"$(DERIVED_FILE_DIR)/Pods-DQUIViewlib-checkManifestLockResult.txt",
			);
			runOnlyForDeploymentPostprocessing = 0;
			shellPath = /bin/sh;
			shellScript = "diff \"${PODS_PODFILE_DIR_PATH}/Podfile.lock\" \"${PODS_ROOT}/Manifest.lock\" > /dev/null\nif [ $? != 0 ] ; then\n    # print error to STDERR\n    echo \"error: The sandbox is not in sync with the Podfile.lock. Run 'pod install' or update your CocoaPods installation.\" >&2\n    exit 1\nfi\n# This output is used by Xcode 'outputs' to avoid re-running this script phase.\necho \"SUCCESS\" > \"${SCRIPT_OUTPUT_FILE_0}\"\n";
			showEnvVarsInLog = 0;
		};
		AB6149A424D88FAF2A53DC99 /* [CP] Check Pods Manifest.lock */ = {
			isa = PBXShellScriptBuildPhase;
			buildActionMask = 2147483647;
			files = (
			);
			inputPaths = (
				"${PODS_PODFILE_DIR_PATH}/Podfile.lock",
				"${PODS_ROOT}/Manifest.lock",
			);
			name = "[CP] Check Pods Manifest.lock";
			outputPaths = (
				"$(DERIVED_FILE_DIR)/Pods-DQUIViewlibTests-checkManifestLockResult.txt",
			);
			runOnlyForDeploymentPostprocessing = 0;
			shellPath = /bin/sh;
			shellScript = "diff \"${PODS_PODFILE_DIR_PATH}/Podfile.lock\" \"${PODS_ROOT}/Manifest.lock\" > /dev/null\nif [ $? != 0 ] ; then\n    # print error to STDERR\n    echo \"error: The sandbox is not in sync with the Podfile.lock. Run 'pod install' or update your CocoaPods installation.\" >&2\n    exit 1\nfi\n# This output is used by Xcode 'outputs' to avoid re-running this script phase.\necho \"SUCCESS\" > \"${SCRIPT_OUTPUT_FILE_0}\"\n";
			showEnvVarsInLog = 0;
		};
		BE51FFE5845213DC73271BEB /* [CP] Check Pods Manifest.lock */ = {
			isa = PBXShellScriptBuildPhase;
			buildActionMask = 2147483647;
			files = (
			);
			inputPaths = (
				"${PODS_PODFILE_DIR_PATH}/Podfile.lock",
				"${PODS_ROOT}/Manifest.lock",
			);
			name = "[CP] Check Pods Manifest.lock";
			outputPaths = (
				"$(DERIVED_FILE_DIR)/Pods-DQUIViewlibUITests-checkManifestLockResult.txt",
			);
			runOnlyForDeploymentPostprocessing = 0;
			shellPath = /bin/sh;
			shellScript = "diff \"${PODS_PODFILE_DIR_PATH}/Podfile.lock\" \"${PODS_ROOT}/Manifest.lock\" > /dev/null\nif [ $? != 0 ] ; then\n    # print error to STDERR\n    echo \"error: The sandbox is not in sync with the Podfile.lock. Run 'pod install' or update your CocoaPods installation.\" >&2\n    exit 1\nfi\n# This output is used by Xcode 'outputs' to avoid re-running this script phase.\necho \"SUCCESS\" > \"${SCRIPT_OUTPUT_FILE_0}\"\n";
			showEnvVarsInLog = 0;
		};
/* End PBXShellScriptBuildPhase section */

/* Begin PBXSourcesBuildPhase section */
		B1BBF00320F6F8E1005D59B2 /* Sources */ = {
			isa = PBXSourcesBuildPhase;
			buildActionMask = 2147483647;
			files = (
				B16EC9CE20FF47620046E688 /* SASView.m in Sources */,
				B12788E5210702AB00217376 /* NavBarShowHiddenViewController.m in Sources */,
				B16EC97620F843770046E688 /* SingleViewLibTableViewController.m in Sources */,
				B12788F72109A83600217376 /* BLStopwatch.m in Sources */,
				B18ADBB320FF57170096B8DA /* NavigationControllerListViewController.m in Sources */,
				B1BBF03E20F6F9C2005D59B2 /* BaseViewController.m in Sources */,
				B16EC97A20F848DE0046E688 /* TBGradientLayerView.m in Sources */,
				B18ADBB620FF582D0096B8DA /* NavigationSubViewController.m in Sources */,
				B16EC9CA20FF370A0046E688 /* CustomNavigationBar.m in Sources */,
				B1BBF04520F6FA30005D59B2 /* BraceletView.m in Sources */,
				B16EC9C120FF2D220046E688 /* DQNavigationController.m in Sources */,
				B16EC9D120FF47A90046E688 /* UIView+SARRS.m in Sources */,
				B16EC9B220FDCDE80046E688 /* SelfNavigationBarViewController.m in Sources */,
				B16EC97D20F84D470046E688 /* GradientLayerView.m in Sources */,
				B1BBF01A20F6F8E3005D59B2 /* main.m in Sources */,
				B1BBF00C20F6F8E1005D59B2 /* AppDelegate.m in Sources */,
				B16EC9A520FD8EBB0046E688 /* SegmentView.m in Sources */,
				B1BBF04120F6FA0F005D59B2 /* BraceletViewController.m in Sources */,
			);
			runOnlyForDeploymentPostprocessing = 0;
		};
		B1BBF01B20F6F8E3005D59B2 /* Sources */ = {
			isa = PBXSourcesBuildPhase;
			buildActionMask = 2147483647;
			files = (
				B1BBF02420F6F8E3005D59B2 /* DQUIViewlibTests.m in Sources */,
			);
			runOnlyForDeploymentPostprocessing = 0;
		};
		B1BBF02620F6F8E3005D59B2 /* Sources */ = {
			isa = PBXSourcesBuildPhase;
			buildActionMask = 2147483647;
			files = (
				B1BBF02F20F6F8E3005D59B2 /* DQUIViewlibUITests.m in Sources */,
			);
			runOnlyForDeploymentPostprocessing = 0;
		};
/* End PBXSourcesBuildPhase section */

/* Begin PBXTargetDependency section */
		B1BBF02120F6F8E3005D59B2 /* PBXTargetDependency */ = {
			isa = PBXTargetDependency;
			target = B1BBF00620F6F8E1005D59B2 /* DQUIViewlib */;
			targetProxy = B1BBF02020F6F8E3005D59B2 /* PBXContainerItemProxy */;
		};
		B1BBF02C20F6F8E3005D59B2 /* PBXTargetDependency */ = {
			isa = PBXTargetDependency;
			target = B1BBF00620F6F8E1005D59B2 /* DQUIViewlib */;
			targetProxy = B1BBF02B20F6F8E3005D59B2 /* PBXContainerItemProxy */;
		};
/* End PBXTargetDependency section */

/* Begin PBXVariantGroup section */
		B1BBF01020F6F8E1005D59B2 /* Main.storyboard */ = {
			isa = PBXVariantGroup;
			children = (
				B1BBF01120F6F8E1005D59B2 /* Base */,
			);
			name = Main.storyboard;
			sourceTree = "<group>";
		};
		B1BBF01520F6F8E3005D59B2 /* LaunchScreen.storyboard */ = {
			isa = PBXVariantGroup;
			children = (
				B1BBF01620F6F8E3005D59B2 /* Base */,
			);
			name = LaunchScreen.storyboard;
			sourceTree = "<group>";
		};
/* End PBXVariantGroup section */

/* Begin XCBuildConfiguration section */
		B1BBF03120F6F8E3005D59B2 /* Debug */ = {
			isa = XCBuildConfiguration;
			buildSettings = {
				ALWAYS_SEARCH_USER_PATHS = NO;
				CLANG_ANALYZER_NONNULL = YES;
				CLANG_ANALYZER_NUMBER_OBJECT_CONVERSION = YES_AGGRESSIVE;
				CLANG_CXX_LANGUAGE_STANDARD = "gnu++14";
				CLANG_CXX_LIBRARY = "libc++";
				CLANG_ENABLE_MODULES = YES;
				CLANG_ENABLE_OBJC_ARC = YES;
				CLANG_ENABLE_OBJC_WEAK = YES;
				CLANG_WARN_BLOCK_CAPTURE_AUTORELEASING = YES;
				CLANG_WARN_BOOL_CONVERSION = YES;
				CLANG_WARN_COMMA = YES;
				CLANG_WARN_CONSTANT_CONVERSION = YES;
				CLANG_WARN_DEPRECATED_OBJC_IMPLEMENTATIONS = YES;
				CLANG_WARN_DIRECT_OBJC_ISA_USAGE = YES_ERROR;
				CLANG_WARN_DOCUMENTATION_COMMENTS = YES;
				CLANG_WARN_EMPTY_BODY = YES;
				CLANG_WARN_ENUM_CONVERSION = YES;
				CLANG_WARN_INFINITE_RECURSION = YES;
				CLANG_WARN_INT_CONVERSION = YES;
				CLANG_WARN_NON_LITERAL_NULL_CONVERSION = YES;
				CLANG_WARN_OBJC_IMPLICIT_RETAIN_SELF = YES;
				CLANG_WARN_OBJC_LITERAL_CONVERSION = YES;
				CLANG_WARN_OBJC_ROOT_CLASS = YES_ERROR;
				CLANG_WARN_RANGE_LOOP_ANALYSIS = YES;
				CLANG_WARN_STRICT_PROTOTYPES = YES;
				CLANG_WARN_SUSPICIOUS_MOVE = YES;
				CLANG_WARN_UNGUARDED_AVAILABILITY = YES_AGGRESSIVE;
				CLANG_WARN_UNREACHABLE_CODE = YES;
				CLANG_WARN__DUPLICATE_METHOD_MATCH = YES;
				CODE_SIGN_IDENTITY = "iPhone Developer";
				COPY_PHASE_STRIP = NO;
				DEBUG_INFORMATION_FORMAT = dwarf;
				ENABLE_STRICT_OBJC_MSGSEND = YES;
				ENABLE_TESTABILITY = YES;
				GCC_C_LANGUAGE_STANDARD = gnu11;
				GCC_DYNAMIC_NO_PIC = NO;
				GCC_NO_COMMON_BLOCKS = YES;
				GCC_OPTIMIZATION_LEVEL = 0;
				GCC_PREPROCESSOR_DEFINITIONS = (
					"DEBUG=1",
					"$(inherited)",
				);
				GCC_WARN_64_TO_32_BIT_CONVERSION = YES;
				GCC_WARN_ABOUT_RETURN_TYPE = YES_ERROR;
				GCC_WARN_UNDECLARED_SELECTOR = YES;
				GCC_WARN_UNINITIALIZED_AUTOS = YES_AGGRESSIVE;
				GCC_WARN_UNUSED_FUNCTION = YES;
				GCC_WARN_UNUSED_VARIABLE = YES;
				IPHONEOS_DEPLOYMENT_TARGET = 11.4;
				MTL_ENABLE_DEBUG_INFO = YES;
				ONLY_ACTIVE_ARCH = YES;
				SDKROOT = iphoneos;
			};
			name = Debug;
		};
		B1BBF03220F6F8E3005D59B2 /* Release */ = {
			isa = XCBuildConfiguration;
			buildSettings = {
				ALWAYS_SEARCH_USER_PATHS = NO;
				CLANG_ANALYZER_NONNULL = YES;
				CLANG_ANALYZER_NUMBER_OBJECT_CONVERSION = YES_AGGRESSIVE;
				CLANG_CXX_LANGUAGE_STANDARD = "gnu++14";
				CLANG_CXX_LIBRARY = "libc++";
				CLANG_ENABLE_MODULES = YES;
				CLANG_ENABLE_OBJC_ARC = YES;
				CLANG_ENABLE_OBJC_WEAK = YES;
				CLANG_WARN_BLOCK_CAPTURE_AUTORELEASING = YES;
				CLANG_WARN_BOOL_CONVERSION = YES;
				CLANG_WARN_COMMA = YES;
				CLANG_WARN_CONSTANT_CONVERSION = YES;
				CLANG_WARN_DEPRECATED_OBJC_IMPLEMENTATIONS = YES;
				CLANG_WARN_DIRECT_OBJC_ISA_USAGE = YES_ERROR;
				CLANG_WARN_DOCUMENTATION_COMMENTS = YES;
				CLANG_WARN_EMPTY_BODY = YES;
				CLANG_WARN_ENUM_CONVERSION = YES;
				CLANG_WARN_INFINITE_RECURSION = YES;
				CLANG_WARN_INT_CONVERSION = YES;
				CLANG_WARN_NON_LITERAL_NULL_CONVERSION = YES;
				CLANG_WARN_OBJC_IMPLICIT_RETAIN_SELF = YES;
				CLANG_WARN_OBJC_LITERAL_CONVERSION = YES;
				CLANG_WARN_OBJC_ROOT_CLASS = YES_ERROR;
				CLANG_WARN_RANGE_LOOP_ANALYSIS = YES;
				CLANG_WARN_STRICT_PROTOTYPES = YES;
				CLANG_WARN_SUSPICIOUS_MOVE = YES;
				CLANG_WARN_UNGUARDED_AVAILABILITY = YES_AGGRESSIVE;
				CLANG_WARN_UNREACHABLE_CODE = YES;
				CLANG_WARN__DUPLICATE_METHOD_MATCH = YES;
				CODE_SIGN_IDENTITY = "iPhone Developer";
				COPY_PHASE_STRIP = NO;
				DEBUG_INFORMATION_FORMAT = "dwarf-with-dsym";
				ENABLE_NS_ASSERTIONS = NO;
				ENABLE_STRICT_OBJC_MSGSEND = YES;
				GCC_C_LANGUAGE_STANDARD = gnu11;
				GCC_NO_COMMON_BLOCKS = YES;
				GCC_WARN_64_TO_32_BIT_CONVERSION = YES;
				GCC_WARN_ABOUT_RETURN_TYPE = YES_ERROR;
				GCC_WARN_UNDECLARED_SELECTOR = YES;
				GCC_WARN_UNINITIALIZED_AUTOS = YES_AGGRESSIVE;
				GCC_WARN_UNUSED_FUNCTION = YES;
				GCC_WARN_UNUSED_VARIABLE = YES;
				IPHONEOS_DEPLOYMENT_TARGET = 11.4;
				MTL_ENABLE_DEBUG_INFO = NO;
				SDKROOT = iphoneos;
				VALIDATE_PRODUCT = YES;
			};
			name = Release;
		};
		B1BBF03420F6F8E3005D59B2 /* Debug */ = {
			isa = XCBuildConfiguration;
			baseConfigurationReference = C79104D1D50D9F8C32E66F51 /* Pods-DQUIViewlib.debug.xcconfig */;
			buildSettings = {
				ASSETCATALOG_COMPILER_APPICON_NAME = AppIcon;
				CODE_SIGN_STYLE = Automatic;
				GCC_PRECOMPILE_PREFIX_HEADER = YES;
				GCC_PREFIX_HEADER = /Users/lxw/Documents/fmy/issues/issues/ysdq/DQUIViewlib/DQUIViewlib/header/PrefixHeader.pch;
				INFOPLIST_FILE = DQUIViewlib/Info.plist;
				LD_RUNPATH_SEARCH_PATHS = (
					"$(inherited)",
					"@executable_path/Frameworks",
				);
				PRODUCT_BUNDLE_IDENTIFIER = fmy.DQUIViewlib;
				PRODUCT_NAME = "$(TARGET_NAME)";
				TARGETED_DEVICE_FAMILY = "1,2";
			};
			name = Debug;
		};
		B1BBF03520F6F8E3005D59B2 /* Release */ = {
			isa = XCBuildConfiguration;
			baseConfigurationReference = EE9D98BA438550A5D5946766 /* Pods-DQUIViewlib.release.xcconfig */;
			buildSettings = {
				ASSETCATALOG_COMPILER_APPICON_NAME = AppIcon;
				CODE_SIGN_STYLE = Automatic;
				GCC_PRECOMPILE_PREFIX_HEADER = YES;
				GCC_PREFIX_HEADER = /Users/lxw/Documents/fmy/issues/issues/ysdq/DQUIViewlib/DQUIViewlib/header/PrefixHeader.pch;
				INFOPLIST_FILE = DQUIViewlib/Info.plist;
				LD_RUNPATH_SEARCH_PATHS = (
					"$(inherited)",
					"@executable_path/Frameworks",
				);
				PRODUCT_BUNDLE_IDENTIFIER = fmy.DQUIViewlib;
				PRODUCT_NAME = "$(TARGET_NAME)";
				TARGETED_DEVICE_FAMILY = "1,2";
			};
			name = Release;
		};
		B1BBF03720F6F8E3005D59B2 /* Debug */ = {
			isa = XCBuildConfiguration;
			baseConfigurationReference = E9F8A396A225FEEDFAE9BEB8 /* Pods-DQUIViewlibTests.debug.xcconfig */;
			buildSettings = {
				BUNDLE_LOADER = "$(TEST_HOST)";
				CODE_SIGN_STYLE = Automatic;
				INFOPLIST_FILE = DQUIViewlibTests/Info.plist;
				LD_RUNPATH_SEARCH_PATHS = (
					"$(inherited)",
					"@executable_path/Frameworks",
					"@loader_path/Frameworks",
				);
				PRODUCT_BUNDLE_IDENTIFIER = fmy.DQUIViewlibTests;
				PRODUCT_NAME = "$(TARGET_NAME)";
				TARGETED_DEVICE_FAMILY = "1,2";
				TEST_HOST = "$(BUILT_PRODUCTS_DIR)/DQUIViewlib.app/DQUIViewlib";
			};
			name = Debug;
		};
		B1BBF03820F6F8E3005D59B2 /* Release */ = {
			isa = XCBuildConfiguration;
			baseConfigurationReference = 50CC8F072E4C671532BA4BCA /* Pods-DQUIViewlibTests.release.xcconfig */;
			buildSettings = {
				BUNDLE_LOADER = "$(TEST_HOST)";
				CODE_SIGN_STYLE = Automatic;
				INFOPLIST_FILE = DQUIViewlibTests/Info.plist;
				LD_RUNPATH_SEARCH_PATHS = (
					"$(inherited)",
					"@executable_path/Frameworks",
					"@loader_path/Frameworks",
				);
				PRODUCT_BUNDLE_IDENTIFIER = fmy.DQUIViewlibTests;
				PRODUCT_NAME = "$(TARGET_NAME)";
				TARGETED_DEVICE_FAMILY = "1,2";
				TEST_HOST = "$(BUILT_PRODUCTS_DIR)/DQUIViewlib.app/DQUIViewlib";
			};
			name = Release;
		};
		B1BBF03A20F6F8E3005D59B2 /* Debug */ = {
			isa = XCBuildConfiguration;
			baseConfigurationReference = 31BF2ABD343D802168872366 /* Pods-DQUIViewlibUITests.debug.xcconfig */;
			buildSettings = {
				CODE_SIGN_STYLE = Automatic;
				INFOPLIST_FILE = DQUIViewlibUITests/Info.plist;
				LD_RUNPATH_SEARCH_PATHS = (
					"$(inherited)",
					"@executable_path/Frameworks",
					"@loader_path/Frameworks",
				);
				PRODUCT_BUNDLE_IDENTIFIER = fmy.DQUIViewlibUITests;
				PRODUCT_NAME = "$(TARGET_NAME)";
				TARGETED_DEVICE_FAMILY = "1,2";
				TEST_TARGET_NAME = DQUIViewlib;
			};
			name = Debug;
		};
		B1BBF03B20F6F8E3005D59B2 /* Release */ = {
			isa = XCBuildConfiguration;
			baseConfigurationReference = 2CA25E9DF46D3D4F31E74B6D /* Pods-DQUIViewlibUITests.release.xcconfig */;
			buildSettings = {
				CODE_SIGN_STYLE = Automatic;
				INFOPLIST_FILE = DQUIViewlibUITests/Info.plist;
				LD_RUNPATH_SEARCH_PATHS = (
					"$(inherited)",
					"@executable_path/Frameworks",
					"@loader_path/Frameworks",
				);
				PRODUCT_BUNDLE_IDENTIFIER = fmy.DQUIViewlibUITests;
				PRODUCT_NAME = "$(TARGET_NAME)";
				TARGETED_DEVICE_FAMILY = "1,2";
				TEST_TARGET_NAME = DQUIViewlib;
			};
			name = Release;
		};
/* End XCBuildConfiguration section */

/* Begin XCConfigurationList section */
		B1BBF00220F6F8E1005D59B2 /* Build configuration list for PBXProject "DQUIViewlib" */ = {
			isa = XCConfigurationList;
			buildConfigurations = (
				B1BBF03120F6F8E3005D59B2 /* Debug */,
				B1BBF03220F6F8E3005D59B2 /* Release */,
			);
			defaultConfigurationIsVisible = 0;
			defaultConfigurationName = Release;
		};
		B1BBF03320F6F8E3005D59B2 /* Build configuration list for PBXNativeTarget "DQUIViewlib" */ = {
			isa = XCConfigurationList;
			buildConfigurations = (
				B1BBF03420F6F8E3005D59B2 /* Debug */,
				B1BBF03520F6F8E3005D59B2 /* Release */,
			);
			defaultConfigurationIsVisible = 0;
			defaultConfigurationName = Release;
		};
		B1BBF03620F6F8E3005D59B2 /* Build configuration list for PBXNativeTarget "DQUIViewlibTests" */ = {
			isa = XCConfigurationList;
			buildConfigurations = (
				B1BBF03720F6F8E3005D59B2 /* Debug */,
				B1BBF03820F6F8E3005D59B2 /* Release */,
			);
			defaultConfigurationIsVisible = 0;
			defaultConfigurationName = Release;
		};
		B1BBF03920F6F8E3005D59B2 /* Build configuration list for PBXNativeTarget "DQUIViewlibUITests" */ = {
			isa = XCConfigurationList;
			buildConfigurations = (
				B1BBF03A20F6F8E3005D59B2 /* Debug */,
				B1BBF03B20F6F8E3005D59B2 /* Release */,
			);
			defaultConfigurationIsVisible = 0;
			defaultConfigurationName = Release;
		};
/* End XCConfigurationList section */
	};
	rootObject = B1BBEFFF20F6F8E1005D59B2 /* Project object */;
}
