PODS:
  - AFNetwork (0.1.0):
    - AFNetworking (~> 3.0)
  - AFNetworking (3.2.1):
    - AFNetworking/NSURLSession (= 3.2.1)
    - AFNetworking/Reachability (= 3.2.1)
    - AFNetworking/Security (= 3.2.1)
    - AFNetworking/Serialization (= 3.2.1)
    - AFNetworking/UIKit (= 3.2.1)
  - AFNetworking/NSURLSession (3.2.1):
    - AFNetworking/Reachability
    - AFNetworking/Security
    - AFNetworking/Serialization
  - AFNetworking/Reachability (3.2.1)
  - AFNetworking/Security (3.2.1)
  - AFNetworking/Serialization (3.2.1)
  - AFNetworking/UIKit (3.2.1):
    - AFNetworking/NSURLSession
  - Bytedance-UnionAD (1.9.8.5)
  - FMDB (2.7.2):
    - FMDB/standard (= 2.7.2)
  - FMDB/standard (2.7.2)
  - JSONModel (1.7.0)
  - LKDBHelper (2.5.1):
    - LKDBHelper/standard (= 2.5.1)
  - LKDBHelper/standard (2.5.1):
    - FMDB
  - Masonry (1.1.0)
  - MBProgressHUD (1.1.0)
  - SDWebImage (4.4.2):
    - SDWebImage/Core (= 4.4.2)
  - SDWebImage/Core (4.4.2)

DEPENDENCIES:
  - AFNetwork
  - Bytedance-UnionAD
  - JSONModel
  - LKDBHelper
  - Masonry
  - MBProgressHUD
  - SDWebImage (~> 4.4.2)

SPEC REPOS:
  https://github.com/cocoapods/specs.git:
    - AFNetwork
    - AFNetworking
    - Bytedance-UnionAD
    - FMDB
    - JSONModel
    - LKDBHelper
    - Masonry
    - MBProgressHUD
    - SDWebImage

SPEC CHECKSUMS:
  AFNetwork: 0dbdb2ffb4a7770b3d1802dc85b50ab31263f2c2
  AFNetworking: b6f891fdfaed196b46c7a83cf209e09697b94057
  Bytedance-UnionAD: a977fe9f56cd0832ea2e0c88ed9944f560e52935
  FMDB: 6198a90e7b6900cfc046e6bc0ef6ebb7be9236aa
  JSONModel: 840bc0fcffb24b8454d2c026bf26fea454b8e98d
  LKDBHelper: 9a276ba51f2e16263d46a9517e16cc9b03472664
  Masonry: 678fab65091a9290e40e2832a55e7ab731aad201
  MBProgressHUD: e7baa36a220447d8aeb12769bf0585582f3866d9
  SDWebImage: 624d6e296c69b244bcede364c72ae0430ac14681

PODFILE CHECKSUM: bb4abd58d2d261c52ed6b185de2c6700a57adff8

COCOAPODS: 1.5.3
